
Microsoft Visual Studio Solution File, Format Version 12.00
# Visual Studio 2012
Project("{2150E333-8FDC-42A3-9474-1A3956D46DE8}") = "Tools", "Tools", "{F1666F43-97C7-42CD-8395-9F1B1C5794C2}"
EndProject
Project("{FAE04EC0-301F-11D3-BF4B-00C04F79EFBC}") = "Asam.Ppc.Domain", "Asam.Ppc.Domain\Asam.Ppc.Domain.csproj", "{D350FCA3-0CD6-4DE8-9887-FAC1B1146176}"
EndProject
Project("{FAE04EC0-301F-11D3-BF4B-00C04F79EFBC}") = "Asam.Ppc.Infrastructure", "Asam.Ppc.Infrastructure\Asam.Ppc.Infrastructure.csproj", "{40AA5339-5ADC-4C29-B87F-8FA030A855A2}"
EndProject
Project("{FAE04EC0-301F-11D3-BF4B-00C04F79EFBC}") = "Asam.Ppc.Service.Handlers", "Asam.Ppc.Service.Handlers\Asam.Ppc.Service.Handlers.csproj", "{BF7B2304-83E2-4267-857F-4B7AEB215558}"
EndProject
Project("{FAE04EC0-301F-11D3-BF4B-00C04F79EFBC}") = "Asam.Ppc.Service.Messages", "Asam.Ppc.Service.Messages\Asam.Ppc.Service.Messages.csproj", "{059A3BE7-2E3A-4D7E-940A-FE85404D7091}"
EndProject
Project("{FAE04EC0-301F-11D3-BF4B-00C04F79EFBC}") = "Asam.Ppc.Mvc.Infrastructure", "Asam.Ppc.Mvc.Infrastructure\Asam.Ppc.Mvc.Infrastructure.csproj", "{834D0ACA-16F9-4DBC-B809-DC41E9C8257A}"
EndProject
Project("{F088123C-0E9E-452A-89E6-6BA2F21D5CAC}") = "Asam.Ppc.Modeling", "Asam.Ppc.Modeling\Asam.Ppc.Modeling.modelproj", "{484EA667-0D22-4035-B481-1EA3B356A9B8}"
EndProject
Project("{FAE04EC0-301F-11D3-BF4B-00C04F79EFBC}") = "Asam.Ppc.Domain.Tests", "Asam.Ppc.Domain.Tests\Asam.Ppc.Domain.Tests.csproj", "{EE877130-08CE-4C51-9B40-2BCA4D275609}"
EndProject
Project("{FAE04EC0-301F-11D3-BF4B-00C04F79EFBC}") = "Asam.Ppc.Mvc4", "Asam.Ppc.Mvc4\Asam.Ppc.Mvc4.csproj", "{05867092-B3E6-4269-9544-FA55E943A320}"
EndProject
Project("{FAE04EC0-301F-11D3-BF4B-00C04F79EFBC}") = "Asam.Ppc.Mvc4.Tests", "Asam.Ppc.Mvc4.Tests\Asam.Ppc.Mvc4.Tests.csproj", "{02128241-EC44-429C-9C9C-C3A470F110D0}"
EndProject
Project("{FAE04EC0-301F-11D3-BF4B-00C04F79EFBC}") = "Asam.Ppc.Primitives", "Asam.Ppc.Primitives\Asam.Ppc.Primitives.csproj", "{F9E8BFD4-3233-4926-AAA6-AF07AFCF11CC}"
EndProject
Project("{2150E333-8FDC-42A3-9474-1A3956D46DE8}") = "Solution Items", "Solution Items", "{038F493D-FD00-44C3-A855-2D7F0EAEB117}"
	ProjectSection(SolutionItems) = preProject
		Asam.Ppc.vsmdi = Asam.Ppc.vsmdi
		Local.testsettings = Local.testsettings
		TraceAndTestImpact.testsettings = TraceAndTestImpact.testsettings
	EndProjectSection
EndProject
Project("{FAE04EC0-301F-11D3-BF4B-00C04F79EFBC}") = "Asam.Ppc.Service.Messages.Tests", "Asam.Ppc.Service.Messages.Tests\Asam.Ppc.Service.Messages.Tests.csproj", "{613C28F2-9A6B-475E-B76D-6CAA60622818}"
EndProject
Project("{FAE04EC0-301F-11D3-BF4B-00C04F79EFBC}") = "Asam.Ppc.Domain.Scoring", "Asam.Ppc.Domain.Scoring\Asam.Ppc.Domain.Scoring.csproj", "{8F7AFE5C-EAF8-41B3-BACC-AE6B950CAFFA}"
EndProject
Project("{FAE04EC0-301F-11D3-BF4B-00C04F79EFBC}") = "Asam.Ppc.Mvc.Infrastructure.Tests", "Asam.Ppc.Mvc.Infrastructure.Tests\Asam.Ppc.Mvc.Infrastructure.Tests.csproj", "{C486CFE9-14AE-4888-A736-88F5AEC57F98}"
EndProject
Project("{FAE04EC0-301F-11D3-BF4B-00C04F79EFBC}") = "T4", "Tools\T4\T4.csproj", "{5C4244D8-83FB-4EF2-9634-95541270463C}"
EndProject
Project("{FAE04EC0-301F-11D3-BF4B-00C04F79EFBC}") = "WordDocumentGenerator.Library", "Tools\Word Document Generator\WordDocumentGenerator.Library\WordDocumentGenerator.Library.csproj", "{C041C8C6-AC4E-4F74-A827-7F3D790E1ACE}"
EndProject
Project("{FAE04EC0-301F-11D3-BF4B-00C04F79EFBC}") = "AsamPpcDocumentGenerator", "Tools\Word Document Generator\AsamPpcDocumentGenerator\AsamPpcDocumentGenerator.csproj", "{195E7CE4-4DB5-483A-80D6-8A5070A21F37}"
EndProject
Project("{FAE04EC0-301F-11D3-BF4B-00C04F79EFBC}") = "AsamDatabaseGenerator", "Tools\AsamDatabaseGenerator\AsamDatabaseGenerator.csproj", "{844D7398-7D2C-4F63-A3EB-A2FAB7598CAE}"
EndProject
Project("{00D1A9C2-B5F0-4AF3-8072-F6C62B433612}") = "Asam.Ppc.Database", "Asam.Ppc.Database\Asam.Ppc.Database.sqlproj", "{BD36072A-E83C-436D-BFB1-1DDBA33F63BB}"
EndProject
Project("{FAE04EC0-301F-11D3-BF4B-00C04F79EFBC}") = "Asam.Ppc.Infrastructure.Tests", "Asam.Ppc.Infrastructure.Tests\Asam.Ppc.Infrastructure.Tests.csproj", "{2196AC76-B704-4036-A186-ADB546756CE8}"
EndProject
Project("{FAE04EC0-301F-11D3-BF4B-00C04F79EFBC}") = "Asam.Ppc.Common", "Asam.Ppc.Common\Asam.Ppc.Common.csproj", "{AC53FAD1-F5DD-4902-AB48-012F201FB649}"
EndProject
Project("{FAE04EC0-301F-11D3-BF4B-00C04F79EFBC}") = "Asam.Ppc.LocalSTS", "Asam.Ppc.LocalSTS\Asam.Ppc.LocalSTS.csproj", "{675B0F31-ECBF-45AE-81E1-EBE6CA3BCB14}"
EndProject
Global
	GlobalSection(TeamFoundationVersionControl) = preSolution
		SccNumberOfProjects = 22
		SccEnterpriseProvider = {4CA58AB2-18FA-4F8D-95D4-32DDF27D184C}
		SccTeamFoundationServer = https://tfs.feisystems.com/tfs/feicollection10
		SccLocalPath0 = .
		SccProjectUniqueName1 = Asam.Ppc.Domain\\Asam.Ppc.Domain.csproj
		SccProjectName1 = Asam.Ppc.Domain
		SccLocalPath1 = Asam.Ppc.Domain
		SccProjectUniqueName2 = Asam.Ppc.Infrastructure\\Asam.Ppc.Infrastructure.csproj
		SccProjectName2 = Asam.Ppc.Infrastructure
		SccLocalPath2 = Asam.Ppc.Infrastructure
		SccProjectUniqueName3 = Asam.Ppc.Service.Handlers\\Asam.Ppc.Service.Handlers.csproj
		SccProjectName3 = Asam.Ppc.Service.Handlers
		SccLocalPath3 = Asam.Ppc.Service.Handlers
		SccProjectUniqueName4 = Asam.Ppc.Service.Messages\\Asam.Ppc.Service.Messages.csproj
		SccProjectName4 = Asam.Ppc.Service.Messages
		SccLocalPath4 = Asam.Ppc.Service.Messages
		SccProjectUniqueName5 = Asam.Ppc.Mvc.Infrastructure\\Asam.Ppc.Mvc.Infrastructure.csproj
		SccProjectName5 = Asam.Ppc.Mvc.Infrastructure
		SccLocalPath5 = Asam.Ppc.Mvc.Infrastructure
		SccProjectUniqueName6 = Asam.Ppc.Modeling\\Asam.Ppc.Modeling.modelproj
		SccProjectName6 = Asam.Ppc.Modeling
		SccLocalPath6 = Asam.Ppc.Modeling
		SccProjectUniqueName7 = Asam.Ppc.Domain.Tests\\Asam.Ppc.Domain.Tests.csproj
		SccProjectName7 = Asam.Ppc.Domain.Tests
		SccLocalPath7 = Asam.Ppc.Domain.Tests
		SccProjectUniqueName8 = Asam.Ppc.Mvc4\\Asam.Ppc.Mvc4.csproj
		SccProjectName8 = Asam.Ppc.Mvc4
		SccLocalPath8 = Asam.Ppc.Mvc4
		SccProjectUniqueName9 = Asam.Ppc.Mvc4.Tests\\Asam.Ppc.Mvc4.Tests.csproj
		SccProjectName9 = Asam.Ppc.Mvc4.Tests
		SccLocalPath9 = Asam.Ppc.Mvc4.Tests
		SccProjectUniqueName10 = Asam.Ppc.Primitives\\Asam.Ppc.Primitives.csproj
		SccProjectName10 = Asam.Ppc.Primitives
		SccLocalPath10 = Asam.Ppc.Primitives
		SccProjectUniqueName11 = Asam.Ppc.Service.Messages.Tests\\Asam.Ppc.Service.Messages.Tests.csproj
		SccProjectName11 = Asam.Ppc.Service.Messages.Tests
		SccLocalPath11 = Asam.Ppc.Service.Messages.Tests
		SccProjectUniqueName12 = Asam.Ppc.Domain.Scoring\\Asam.Ppc.Domain.Scoring.csproj
		SccProjectName12 = Asam.Ppc.Domain.Scoring
		SccLocalPath12 = Asam.Ppc.Domain.Scoring
		SccProjectUniqueName13 = Asam.Ppc.Mvc.Infrastructure.Tests\\Asam.Ppc.Mvc.Infrastructure.Tests.csproj
		SccProjectName13 = Asam.Ppc.Mvc.Infrastructure.Tests
		SccLocalPath13 = Asam.Ppc.Mvc.Infrastructure.Tests
		SccProjectUniqueName14 = Tools\\T4\\T4.csproj
		SccProjectTopLevelParentUniqueName14 = Asam.Ppc.sln
		SccProjectName14 = Tools/T4
		SccLocalPath14 = Tools\\T4
		SccProjectUniqueName15 = Tools\\Word\u0020Document\u0020Generator\\WordDocumentGenerator.Library\\WordDocumentGenerator.Library.csproj
		SccProjectTopLevelParentUniqueName15 = Asam.Ppc.sln
		SccProjectName15 = Tools/Word\u0020Document\u0020Generator/WordDocumentGenerator.Library
		SccLocalPath15 = Tools\\Word\u0020Document\u0020Generator\\WordDocumentGenerator.Library
		SccProjectUniqueName16 = Tools\\Word\u0020Document\u0020Generator\\AsamPpcDocumentGenerator\\AsamPpcDocumentGenerator.csproj
		SccProjectTopLevelParentUniqueName16 = Asam.Ppc.sln
		SccProjectName16 = Tools/Word\u0020Document\u0020Generator/AsamPpcDocumentGenerator
		SccLocalPath16 = Tools\\Word\u0020Document\u0020Generator\\AsamPpcDocumentGenerator
		SccProjectUniqueName17 = Tools\\AsamDatabaseGenerator\\AsamDatabaseGenerator.csproj
		SccProjectTopLevelParentUniqueName17 = Asam.Ppc.sln
		SccProjectName17 = Tools/AsamDatabaseGenerator
		SccLocalPath17 = Tools\\AsamDatabaseGenerator
		SccProjectUniqueName18 = Asam.Ppc.Database\\Asam.Ppc.Database.sqlproj
		SccProjectName18 = Asam.Ppc.Database
		SccLocalPath18 = Asam.Ppc.Database
		SccProjectUniqueName19 = Asam.Ppc.Infrastructure.Tests\\Asam.Ppc.Infrastructure.Tests.csproj
		SccProjectName19 = Asam.Ppc.Infrastructure.Tests
		SccLocalPath19 = Asam.Ppc.Infrastructure.Tests
		SccProjectUniqueName20 = Asam.Ppc.Common\\Asam.Ppc.Common.csproj
		SccProjectName20 = Asam.Ppc.Common
		SccLocalPath20 = Asam.Ppc.Common
		SccProjectUniqueName21 = Asam.Ppc.LocalSTS\\Asam.Ppc.LocalSTS.csproj
		SccProjectName21 = Asam.Ppc.LocalSTS
		SccLocalPath21 = Asam.Ppc.LocalSTS
	EndGlobalSection
	GlobalSection(TestCaseManagementSettings) = postSolution
		CategoryFile = Asam.Ppc.vsmdi
	EndGlobalSection
	GlobalSection(SolutionConfigurationPlatforms) = preSolution
		Debug|Any CPU = Debug|Any CPU
		Debug|Mixed Platforms = Debug|Mixed Platforms
		Debug|x86 = Debug|x86
		Demo|Any CPU = Demo|Any CPU
		Demo|Mixed Platforms = Demo|Mixed Platforms
		Demo|x86 = Demo|x86
		Prod|Any CPU = Prod|Any CPU
		Prod|Mixed Platforms = Prod|Mixed Platforms
		Prod|x86 = Prod|x86
		Release|Any CPU = Release|Any CPU
		Release|Mixed Platforms = Release|Mixed Platforms
		Release|x86 = Release|x86
		Test|Any CPU = Test|Any CPU
		Test|Mixed Platforms = Test|Mixed Platforms
		Test|x86 = Test|x86
	EndGlobalSection
	GlobalSection(ProjectConfigurationPlatforms) = postSolution
		{D350FCA3-0CD6-4DE8-9887-FAC1B1146176}.Debug|Any CPU.ActiveCfg = Debug|Any CPU
		{D350FCA3-0CD6-4DE8-9887-FAC1B1146176}.Debug|Any CPU.Build.0 = Debug|Any CPU
		{D350FCA3-0CD6-4DE8-9887-FAC1B1146176}.Debug|Mixed Platforms.ActiveCfg = Debug|Any CPU
		{D350FCA3-0CD6-4DE8-9887-FAC1B1146176}.Debug|Mixed Platforms.Build.0 = Debug|Any CPU
		{D350FCA3-0CD6-4DE8-9887-FAC1B1146176}.Debug|x86.ActiveCfg = Debug|Any CPU
		{D350FCA3-0CD6-4DE8-9887-FAC1B1146176}.Demo|Any CPU.ActiveCfg = Demo|Any CPU
		{D350FCA3-0CD6-4DE8-9887-FAC1B1146176}.Demo|Any CPU.Build.0 = Demo|Any CPU
		{D350FCA3-0CD6-4DE8-9887-FAC1B1146176}.Demo|Mixed Platforms.ActiveCfg = Demo|Any CPU
		{D350FCA3-0CD6-4DE8-9887-FAC1B1146176}.Demo|Mixed Platforms.Build.0 = Demo|Any CPU
		{D350FCA3-0CD6-4DE8-9887-FAC1B1146176}.Demo|x86.ActiveCfg = Demo|Any CPU
		{D350FCA3-0CD6-4DE8-9887-FAC1B1146176}.Prod|Any CPU.ActiveCfg = Prod|Any CPU
		{D350FCA3-0CD6-4DE8-9887-FAC1B1146176}.Prod|Any CPU.Build.0 = Prod|Any CPU
		{D350FCA3-0CD6-4DE8-9887-FAC1B1146176}.Prod|Mixed Platforms.ActiveCfg = Prod|Any CPU
		{D350FCA3-0CD6-4DE8-9887-FAC1B1146176}.Prod|Mixed Platforms.Build.0 = Prod|Any CPU
		{D350FCA3-0CD6-4DE8-9887-FAC1B1146176}.Prod|x86.ActiveCfg = Prod|Any CPU
		{D350FCA3-0CD6-4DE8-9887-FAC1B1146176}.Release|Any CPU.ActiveCfg = Release|Any CPU
		{D350FCA3-0CD6-4DE8-9887-FAC1B1146176}.Release|Any CPU.Build.0 = Release|Any CPU
		{D350FCA3-0CD6-4DE8-9887-FAC1B1146176}.Release|Mixed Platforms.ActiveCfg = Release|Any CPU
		{D350FCA3-0CD6-4DE8-9887-FAC1B1146176}.Release|Mixed Platforms.Build.0 = Release|Any CPU
		{D350FCA3-0CD6-4DE8-9887-FAC1B1146176}.Release|x86.ActiveCfg = Release|Any CPU
		{D350FCA3-0CD6-4DE8-9887-FAC1B1146176}.Test|Any CPU.ActiveCfg = Test|Any CPU
		{D350FCA3-0CD6-4DE8-9887-FAC1B1146176}.Test|Any CPU.Build.0 = Test|Any CPU
		{D350FCA3-0CD6-4DE8-9887-FAC1B1146176}.Test|Mixed Platforms.ActiveCfg = Test|Any CPU
		{D350FCA3-0CD6-4DE8-9887-FAC1B1146176}.Test|Mixed Platforms.Build.0 = Test|Any CPU
		{D350FCA3-0CD6-4DE8-9887-FAC1B1146176}.Test|x86.ActiveCfg = Test|Any CPU
		{40AA5339-5ADC-4C29-B87F-8FA030A855A2}.Debug|Any CPU.ActiveCfg = Debug|Any CPU
		{40AA5339-5ADC-4C29-B87F-8FA030A855A2}.Debug|Any CPU.Build.0 = Debug|Any CPU
		{40AA5339-5ADC-4C29-B87F-8FA030A855A2}.Debug|Mixed Platforms.ActiveCfg = Debug|Any CPU
		{40AA5339-5ADC-4C29-B87F-8FA030A855A2}.Debug|Mixed Platforms.Build.0 = Debug|Any CPU
		{40AA5339-5ADC-4C29-B87F-8FA030A855A2}.Debug|x86.ActiveCfg = Debug|Any CPU
		{40AA5339-5ADC-4C29-B87F-8FA030A855A2}.Demo|Any CPU.ActiveCfg = Demo|Any CPU
		{40AA5339-5ADC-4C29-B87F-8FA030A855A2}.Demo|Any CPU.Build.0 = Demo|Any CPU
		{40AA5339-5ADC-4C29-B87F-8FA030A855A2}.Demo|Mixed Platforms.ActiveCfg = Demo|Any CPU
		{40AA5339-5ADC-4C29-B87F-8FA030A855A2}.Demo|Mixed Platforms.Build.0 = Demo|Any CPU
		{40AA5339-5ADC-4C29-B87F-8FA030A855A2}.Demo|x86.ActiveCfg = Demo|Any CPU
		{40AA5339-5ADC-4C29-B87F-8FA030A855A2}.Prod|Any CPU.ActiveCfg = Prod|Any CPU
		{40AA5339-5ADC-4C29-B87F-8FA030A855A2}.Prod|Any CPU.Build.0 = Prod|Any CPU
		{40AA5339-5ADC-4C29-B87F-8FA030A855A2}.Prod|Mixed Platforms.ActiveCfg = Prod|Any CPU
		{40AA5339-5ADC-4C29-B87F-8FA030A855A2}.Prod|Mixed Platforms.Build.0 = Prod|Any CPU
		{40AA5339-5ADC-4C29-B87F-8FA030A855A2}.Prod|x86.ActiveCfg = Prod|Any CPU
		{40AA5339-5ADC-4C29-B87F-8FA030A855A2}.Release|Any CPU.ActiveCfg = Release|Any CPU
		{40AA5339-5ADC-4C29-B87F-8FA030A855A2}.Release|Any CPU.Build.0 = Release|Any CPU
		{40AA5339-5ADC-4C29-B87F-8FA030A855A2}.Release|Mixed Platforms.ActiveCfg = Release|Any CPU
		{40AA5339-5ADC-4C29-B87F-8FA030A855A2}.Release|Mixed Platforms.Build.0 = Release|Any CPU
		{40AA5339-5ADC-4C29-B87F-8FA030A855A2}.Release|x86.ActiveCfg = Release|Any CPU
		{40AA5339-5ADC-4C29-B87F-8FA030A855A2}.Test|Any CPU.ActiveCfg = Test|Any CPU
		{40AA5339-5ADC-4C29-B87F-8FA030A855A2}.Test|Any CPU.Build.0 = Test|Any CPU
		{40AA5339-5ADC-4C29-B87F-8FA030A855A2}.Test|Mixed Platforms.ActiveCfg = Test|Any CPU
		{40AA5339-5ADC-4C29-B87F-8FA030A855A2}.Test|Mixed Platforms.Build.0 = Test|Any CPU
		{40AA5339-5ADC-4C29-B87F-8FA030A855A2}.Test|x86.ActiveCfg = Test|Any CPU
		{BF7B2304-83E2-4267-857F-4B7AEB215558}.Debug|Any CPU.ActiveCfg = Debug|Any CPU
		{BF7B2304-83E2-4267-857F-4B7AEB215558}.Debug|Any CPU.Build.0 = Debug|Any CPU
		{BF7B2304-83E2-4267-857F-4B7AEB215558}.Debug|Mixed Platforms.ActiveCfg = Debug|Any CPU
		{BF7B2304-83E2-4267-857F-4B7AEB215558}.Debug|Mixed Platforms.Build.0 = Debug|Any CPU
		{BF7B2304-83E2-4267-857F-4B7AEB215558}.Debug|x86.ActiveCfg = Debug|Any CPU
		{BF7B2304-83E2-4267-857F-4B7AEB215558}.Demo|Any CPU.ActiveCfg = Demo|Any CPU
		{BF7B2304-83E2-4267-857F-4B7AEB215558}.Demo|Any CPU.Build.0 = Demo|Any CPU
		{BF7B2304-83E2-4267-857F-4B7AEB215558}.Demo|Mixed Platforms.ActiveCfg = Demo|Any CPU
		{BF7B2304-83E2-4267-857F-4B7AEB215558}.Demo|Mixed Platforms.Build.0 = Demo|Any CPU
		{BF7B2304-83E2-4267-857F-4B7AEB215558}.Demo|x86.ActiveCfg = Demo|Any CPU
		{BF7B2304-83E2-4267-857F-4B7AEB215558}.Prod|Any CPU.ActiveCfg = Prod|Any CPU
		{BF7B2304-83E2-4267-857F-4B7AEB215558}.Prod|Any CPU.Build.0 = Prod|Any CPU
		{BF7B2304-83E2-4267-857F-4B7AEB215558}.Prod|Mixed Platforms.ActiveCfg = Prod|Any CPU
		{BF7B2304-83E2-4267-857F-4B7AEB215558}.Prod|Mixed Platforms.Build.0 = Prod|Any CPU
		{BF7B2304-83E2-4267-857F-4B7AEB215558}.Prod|x86.ActiveCfg = Prod|Any CPU
		{BF7B2304-83E2-4267-857F-4B7AEB215558}.Release|Any CPU.ActiveCfg = Release|Any CPU
		{BF7B2304-83E2-4267-857F-4B7AEB215558}.Release|Any CPU.Build.0 = Release|Any CPU
		{BF7B2304-83E2-4267-857F-4B7AEB215558}.Release|Mixed Platforms.ActiveCfg = Release|Any CPU
		{BF7B2304-83E2-4267-857F-4B7AEB215558}.Release|Mixed Platforms.Build.0 = Release|Any CPU
		{BF7B2304-83E2-4267-857F-4B7AEB215558}.Release|x86.ActiveCfg = Release|Any CPU
		{BF7B2304-83E2-4267-857F-4B7AEB215558}.Test|Any CPU.ActiveCfg = Test|Any CPU
		{BF7B2304-83E2-4267-857F-4B7AEB215558}.Test|Any CPU.Build.0 = Test|Any CPU
		{BF7B2304-83E2-4267-857F-4B7AEB215558}.Test|Mixed Platforms.ActiveCfg = Test|Any CPU
		{BF7B2304-83E2-4267-857F-4B7AEB215558}.Test|Mixed Platforms.Build.0 = Test|Any CPU
		{BF7B2304-83E2-4267-857F-4B7AEB215558}.Test|x86.ActiveCfg = Test|Any CPU
		{059A3BE7-2E3A-4D7E-940A-FE85404D7091}.Debug|Any CPU.ActiveCfg = Debug|Any CPU
		{059A3BE7-2E3A-4D7E-940A-FE85404D7091}.Debug|Any CPU.Build.0 = Debug|Any CPU
		{059A3BE7-2E3A-4D7E-940A-FE85404D7091}.Debug|Mixed Platforms.ActiveCfg = Debug|Any CPU
		{059A3BE7-2E3A-4D7E-940A-FE85404D7091}.Debug|Mixed Platforms.Build.0 = Debug|Any CPU
		{059A3BE7-2E3A-4D7E-940A-FE85404D7091}.Debug|x86.ActiveCfg = Debug|Any CPU
		{059A3BE7-2E3A-4D7E-940A-FE85404D7091}.Demo|Any CPU.ActiveCfg = Demo|Any CPU
		{059A3BE7-2E3A-4D7E-940A-FE85404D7091}.Demo|Any CPU.Build.0 = Demo|Any CPU
		{059A3BE7-2E3A-4D7E-940A-FE85404D7091}.Demo|Mixed Platforms.ActiveCfg = Demo|Any CPU
		{059A3BE7-2E3A-4D7E-940A-FE85404D7091}.Demo|Mixed Platforms.Build.0 = Demo|Any CPU
		{059A3BE7-2E3A-4D7E-940A-FE85404D7091}.Demo|x86.ActiveCfg = Demo|Any CPU
		{059A3BE7-2E3A-4D7E-940A-FE85404D7091}.Prod|Any CPU.ActiveCfg = Prod|Any CPU
		{059A3BE7-2E3A-4D7E-940A-FE85404D7091}.Prod|Any CPU.Build.0 = Prod|Any CPU
		{059A3BE7-2E3A-4D7E-940A-FE85404D7091}.Prod|Mixed Platforms.ActiveCfg = Prod|Any CPU
		{059A3BE7-2E3A-4D7E-940A-FE85404D7091}.Prod|Mixed Platforms.Build.0 = Prod|Any CPU
		{059A3BE7-2E3A-4D7E-940A-FE85404D7091}.Prod|x86.ActiveCfg = Prod|Any CPU
		{059A3BE7-2E3A-4D7E-940A-FE85404D7091}.Release|Any CPU.ActiveCfg = Release|Any CPU
		{059A3BE7-2E3A-4D7E-940A-FE85404D7091}.Release|Any CPU.Build.0 = Release|Any CPU
		{059A3BE7-2E3A-4D7E-940A-FE85404D7091}.Release|Mixed Platforms.ActiveCfg = Release|Any CPU
		{059A3BE7-2E3A-4D7E-940A-FE85404D7091}.Release|Mixed Platforms.Build.0 = Release|Any CPU
		{059A3BE7-2E3A-4D7E-940A-FE85404D7091}.Release|x86.ActiveCfg = Release|Any CPU
		{059A3BE7-2E3A-4D7E-940A-FE85404D7091}.Test|Any CPU.ActiveCfg = Test|Any CPU
		{059A3BE7-2E3A-4D7E-940A-FE85404D7091}.Test|Any CPU.Build.0 = Test|Any CPU
		{059A3BE7-2E3A-4D7E-940A-FE85404D7091}.Test|Mixed Platforms.ActiveCfg = Test|Any CPU
		{059A3BE7-2E3A-4D7E-940A-FE85404D7091}.Test|Mixed Platforms.Build.0 = Test|Any CPU
		{059A3BE7-2E3A-4D7E-940A-FE85404D7091}.Test|x86.ActiveCfg = Test|Any CPU
		{834D0ACA-16F9-4DBC-B809-DC41E9C8257A}.Debug|Any CPU.ActiveCfg = Debug|Any CPU
		{834D0ACA-16F9-4DBC-B809-DC41E9C8257A}.Debug|Any CPU.Build.0 = Debug|Any CPU
		{834D0ACA-16F9-4DBC-B809-DC41E9C8257A}.Debug|Mixed Platforms.ActiveCfg = Debug|Any CPU
		{834D0ACA-16F9-4DBC-B809-DC41E9C8257A}.Debug|Mixed Platforms.Build.0 = Debug|Any CPU
		{834D0ACA-16F9-4DBC-B809-DC41E9C8257A}.Debug|x86.ActiveCfg = Debug|Any CPU
		{834D0ACA-16F9-4DBC-B809-DC41E9C8257A}.Demo|Any CPU.ActiveCfg = Demo|Any CPU
		{834D0ACA-16F9-4DBC-B809-DC41E9C8257A}.Demo|Any CPU.Build.0 = Demo|Any CPU
		{834D0ACA-16F9-4DBC-B809-DC41E9C8257A}.Demo|Mixed Platforms.ActiveCfg = Demo|Any CPU
		{834D0ACA-16F9-4DBC-B809-DC41E9C8257A}.Demo|Mixed Platforms.Build.0 = Demo|Any CPU
		{834D0ACA-16F9-4DBC-B809-DC41E9C8257A}.Demo|x86.ActiveCfg = Demo|Any CPU
		{834D0ACA-16F9-4DBC-B809-DC41E9C8257A}.Prod|Any CPU.ActiveCfg = Prod|Any CPU
		{834D0ACA-16F9-4DBC-B809-DC41E9C8257A}.Prod|Any CPU.Build.0 = Prod|Any CPU
		{834D0ACA-16F9-4DBC-B809-DC41E9C8257A}.Prod|Mixed Platforms.ActiveCfg = Prod|Any CPU
		{834D0ACA-16F9-4DBC-B809-DC41E9C8257A}.Prod|Mixed Platforms.Build.0 = Prod|Any CPU
		{834D0ACA-16F9-4DBC-B809-DC41E9C8257A}.Prod|x86.ActiveCfg = Prod|Any CPU
		{834D0ACA-16F9-4DBC-B809-DC41E9C8257A}.Release|Any CPU.ActiveCfg = Release|Any CPU
		{834D0ACA-16F9-4DBC-B809-DC41E9C8257A}.Release|Any CPU.Build.0 = Release|Any CPU
		{834D0ACA-16F9-4DBC-B809-DC41E9C8257A}.Release|Mixed Platforms.ActiveCfg = Release|Any CPU
		{834D0ACA-16F9-4DBC-B809-DC41E9C8257A}.Release|Mixed Platforms.Build.0 = Release|Any CPU
		{834D0ACA-16F9-4DBC-B809-DC41E9C8257A}.Release|x86.ActiveCfg = Release|Any CPU
		{834D0ACA-16F9-4DBC-B809-DC41E9C8257A}.Test|Any CPU.ActiveCfg = Test|Any CPU
		{834D0ACA-16F9-4DBC-B809-DC41E9C8257A}.Test|Any CPU.Build.0 = Test|Any CPU
		{834D0ACA-16F9-4DBC-B809-DC41E9C8257A}.Test|Mixed Platforms.ActiveCfg = Test|Any CPU
		{834D0ACA-16F9-4DBC-B809-DC41E9C8257A}.Test|Mixed Platforms.Build.0 = Test|Any CPU
		{834D0ACA-16F9-4DBC-B809-DC41E9C8257A}.Test|x86.ActiveCfg = Test|Any CPU
		{484EA667-0D22-4035-B481-1EA3B356A9B8}.Debug|Any CPU.ActiveCfg = Debug|Any CPU
		{484EA667-0D22-4035-B481-1EA3B356A9B8}.Debug|Any CPU.Build.0 = Debug|Any CPU
		{484EA667-0D22-4035-B481-1EA3B356A9B8}.Debug|Mixed Platforms.ActiveCfg = Debug|Any CPU
		{484EA667-0D22-4035-B481-1EA3B356A9B8}.Debug|Mixed Platforms.Build.0 = Debug|Any CPU
		{484EA667-0D22-4035-B481-1EA3B356A9B8}.Debug|x86.ActiveCfg = Debug|Any CPU
		{484EA667-0D22-4035-B481-1EA3B356A9B8}.Demo|Any CPU.ActiveCfg = Demo|Any CPU
		{484EA667-0D22-4035-B481-1EA3B356A9B8}.Demo|Any CPU.Build.0 = Demo|Any CPU
		{484EA667-0D22-4035-B481-1EA3B356A9B8}.Demo|Mixed Platforms.ActiveCfg = Demo|Any CPU
		{484EA667-0D22-4035-B481-1EA3B356A9B8}.Demo|Mixed Platforms.Build.0 = Demo|Any CPU
		{484EA667-0D22-4035-B481-1EA3B356A9B8}.Demo|x86.ActiveCfg = Demo|Any CPU
		{484EA667-0D22-4035-B481-1EA3B356A9B8}.Prod|Any CPU.ActiveCfg = Prod|Any CPU
		{484EA667-0D22-4035-B481-1EA3B356A9B8}.Prod|Any CPU.Build.0 = Prod|Any CPU
		{484EA667-0D22-4035-B481-1EA3B356A9B8}.Prod|Mixed Platforms.ActiveCfg = Prod|Any CPU
		{484EA667-0D22-4035-B481-1EA3B356A9B8}.Prod|Mixed Platforms.Build.0 = Prod|Any CPU
		{484EA667-0D22-4035-B481-1EA3B356A9B8}.Prod|x86.ActiveCfg = Prod|Any CPU
		{484EA667-0D22-4035-B481-1EA3B356A9B8}.Release|Any CPU.ActiveCfg = Release|Any CPU
		{484EA667-0D22-4035-B481-1EA3B356A9B8}.Release|Any CPU.Build.0 = Release|Any CPU
		{484EA667-0D22-4035-B481-1EA3B356A9B8}.Release|Mixed Platforms.ActiveCfg = Release|Any CPU
		{484EA667-0D22-4035-B481-1EA3B356A9B8}.Release|Mixed Platforms.Build.0 = Release|Any CPU
		{484EA667-0D22-4035-B481-1EA3B356A9B8}.Release|x86.ActiveCfg = Release|Any CPU
		{484EA667-0D22-4035-B481-1EA3B356A9B8}.Test|Any CPU.ActiveCfg = Test|Any CPU
		{484EA667-0D22-4035-B481-1EA3B356A9B8}.Test|Any CPU.Build.0 = Test|Any CPU
		{484EA667-0D22-4035-B481-1EA3B356A9B8}.Test|Mixed Platforms.ActiveCfg = Test|Any CPU
		{484EA667-0D22-4035-B481-1EA3B356A9B8}.Test|Mixed Platforms.Build.0 = Test|Any CPU
		{484EA667-0D22-4035-B481-1EA3B356A9B8}.Test|x86.ActiveCfg = Test|Any CPU
		{EE877130-08CE-4C51-9B40-2BCA4D275609}.Debug|Any CPU.ActiveCfg = Debug|Any CPU
		{EE877130-08CE-4C51-9B40-2BCA4D275609}.Debug|Any CPU.Build.0 = Debug|Any CPU
		{EE877130-08CE-4C51-9B40-2BCA4D275609}.Debug|Mixed Platforms.ActiveCfg = Debug|Any CPU
		{EE877130-08CE-4C51-9B40-2BCA4D275609}.Debug|Mixed Platforms.Build.0 = Debug|Any CPU
		{EE877130-08CE-4C51-9B40-2BCA4D275609}.Debug|x86.ActiveCfg = Debug|Any CPU
		{EE877130-08CE-4C51-9B40-2BCA4D275609}.Demo|Any CPU.ActiveCfg = Demo|Any CPU
		{EE877130-08CE-4C51-9B40-2BCA4D275609}.Demo|Any CPU.Build.0 = Demo|Any CPU
		{EE877130-08CE-4C51-9B40-2BCA4D275609}.Demo|Mixed Platforms.ActiveCfg = Demo|Any CPU
		{EE877130-08CE-4C51-9B40-2BCA4D275609}.Demo|Mixed Platforms.Build.0 = Demo|Any CPU
		{EE877130-08CE-4C51-9B40-2BCA4D275609}.Demo|x86.ActiveCfg = Demo|Any CPU
		{EE877130-08CE-4C51-9B40-2BCA4D275609}.Prod|Any CPU.ActiveCfg = Prod|Any CPU
		{EE877130-08CE-4C51-9B40-2BCA4D275609}.Prod|Mixed Platforms.ActiveCfg = Prod|Any CPU
		{EE877130-08CE-4C51-9B40-2BCA4D275609}.Prod|Mixed Platforms.Build.0 = Prod|Any CPU
		{EE877130-08CE-4C51-9B40-2BCA4D275609}.Prod|x86.ActiveCfg = Prod|Any CPU
		{EE877130-08CE-4C51-9B40-2BCA4D275609}.Release|Any CPU.ActiveCfg = Release|Any CPU
		{EE877130-08CE-4C51-9B40-2BCA4D275609}.Release|Any CPU.Build.0 = Release|Any CPU
		{EE877130-08CE-4C51-9B40-2BCA4D275609}.Release|Mixed Platforms.ActiveCfg = Release|Any CPU
		{EE877130-08CE-4C51-9B40-2BCA4D275609}.Release|Mixed Platforms.Build.0 = Release|Any CPU
		{EE877130-08CE-4C51-9B40-2BCA4D275609}.Release|x86.ActiveCfg = Release|Any CPU
		{EE877130-08CE-4C51-9B40-2BCA4D275609}.Test|Any CPU.ActiveCfg = Test|Any CPU
		{EE877130-08CE-4C51-9B40-2BCA4D275609}.Test|Any CPU.Build.0 = Test|Any CPU
		{EE877130-08CE-4C51-9B40-2BCA4D275609}.Test|Mixed Platforms.ActiveCfg = Test|Any CPU
		{EE877130-08CE-4C51-9B40-2BCA4D275609}.Test|Mixed Platforms.Build.0 = Test|Any CPU
		{EE877130-08CE-4C51-9B40-2BCA4D275609}.Test|x86.ActiveCfg = Test|Any CPU
		{05867092-B3E6-4269-9544-FA55E943A320}.Debug|Any CPU.ActiveCfg = Debug|Any CPU
		{05867092-B3E6-4269-9544-FA55E943A320}.Debug|Any CPU.Build.0 = Debug|Any CPU
		{05867092-B3E6-4269-9544-FA55E943A320}.Debug|Mixed Platforms.ActiveCfg = Debug|Any CPU
		{05867092-B3E6-4269-9544-FA55E943A320}.Debug|Mixed Platforms.Build.0 = Debug|Any CPU
		{05867092-B3E6-4269-9544-FA55E943A320}.Debug|x86.ActiveCfg = Debug|Any CPU
		{05867092-B3E6-4269-9544-FA55E943A320}.Demo|Any CPU.ActiveCfg = Demo|Any CPU
		{05867092-B3E6-4269-9544-FA55E943A320}.Demo|Any CPU.Build.0 = Demo|Any CPU
		{05867092-B3E6-4269-9544-FA55E943A320}.Demo|Mixed Platforms.ActiveCfg = Demo|Any CPU
		{05867092-B3E6-4269-9544-FA55E943A320}.Demo|Mixed Platforms.Build.0 = Demo|Any CPU
		{05867092-B3E6-4269-9544-FA55E943A320}.Demo|x86.ActiveCfg = Demo|Any CPU
		{05867092-B3E6-4269-9544-FA55E943A320}.Prod|Any CPU.ActiveCfg = Prod|Any CPU
		{05867092-B3E6-4269-9544-FA55E943A320}.Prod|Any CPU.Build.0 = Prod|Any CPU
		{05867092-B3E6-4269-9544-FA55E943A320}.Prod|Mixed Platforms.ActiveCfg = Prod|Any CPU
		{05867092-B3E6-4269-9544-FA55E943A320}.Prod|Mixed Platforms.Build.0 = Prod|Any CPU
		{05867092-B3E6-4269-9544-FA55E943A320}.Prod|x86.ActiveCfg = Prod|Any CPU
		{05867092-B3E6-4269-9544-FA55E943A320}.Release|Any CPU.ActiveCfg = Release|Any CPU
		{05867092-B3E6-4269-9544-FA55E943A320}.Release|Any CPU.Build.0 = Release|Any CPU
		{05867092-B3E6-4269-9544-FA55E943A320}.Release|Mixed Platforms.ActiveCfg = Release|Any CPU
		{05867092-B3E6-4269-9544-FA55E943A320}.Release|Mixed Platforms.Build.0 = Release|Any CPU
		{05867092-B3E6-4269-9544-FA55E943A320}.Release|x86.ActiveCfg = Release|Any CPU
		{05867092-B3E6-4269-9544-FA55E943A320}.Test|Any CPU.ActiveCfg = Test|Any CPU
		{05867092-B3E6-4269-9544-FA55E943A320}.Test|Any CPU.Build.0 = Test|Any CPU
		{05867092-B3E6-4269-9544-FA55E943A320}.Test|Mixed Platforms.ActiveCfg = Test|Any CPU
		{05867092-B3E6-4269-9544-FA55E943A320}.Test|Mixed Platforms.Build.0 = Test|Any CPU
		{05867092-B3E6-4269-9544-FA55E943A320}.Test|x86.ActiveCfg = Test|Any CPU
		{02128241-EC44-429C-9C9C-C3A470F110D0}.Debug|Any CPU.ActiveCfg = Debug|Any CPU
		{02128241-EC44-429C-9C9C-C3A470F110D0}.Debug|Any CPU.Build.0 = Debug|Any CPU
		{02128241-EC44-429C-9C9C-C3A470F110D0}.Debug|Mixed Platforms.ActiveCfg = Debug|Any CPU
		{02128241-EC44-429C-9C9C-C3A470F110D0}.Debug|Mixed Platforms.Build.0 = Debug|Any CPU
		{02128241-EC44-429C-9C9C-C3A470F110D0}.Debug|x86.ActiveCfg = Debug|Any CPU
		{02128241-EC44-429C-9C9C-C3A470F110D0}.Demo|Any CPU.ActiveCfg = Demo|Any CPU
		{02128241-EC44-429C-9C9C-C3A470F110D0}.Demo|Any CPU.Build.0 = Demo|Any CPU
		{02128241-EC44-429C-9C9C-C3A470F110D0}.Demo|Mixed Platforms.ActiveCfg = Demo|Any CPU
		{02128241-EC44-429C-9C9C-C3A470F110D0}.Demo|Mixed Platforms.Build.0 = Demo|Any CPU
		{02128241-EC44-429C-9C9C-C3A470F110D0}.Demo|x86.ActiveCfg = Demo|Any CPU
		{02128241-EC44-429C-9C9C-C3A470F110D0}.Prod|Any CPU.ActiveCfg = Prod|Any CPU
		{02128241-EC44-429C-9C9C-C3A470F110D0}.Prod|Any CPU.Build.0 = Prod|Any CPU
		{02128241-EC44-429C-9C9C-C3A470F110D0}.Prod|Mixed Platforms.ActiveCfg = Prod|Any CPU
		{02128241-EC44-429C-9C9C-C3A470F110D0}.Prod|Mixed Platforms.Build.0 = Prod|Any CPU
		{02128241-EC44-429C-9C9C-C3A470F110D0}.Prod|x86.ActiveCfg = Prod|Any CPU
		{02128241-EC44-429C-9C9C-C3A470F110D0}.Release|Any CPU.ActiveCfg = Release|Any CPU
		{02128241-EC44-429C-9C9C-C3A470F110D0}.Release|Any CPU.Build.0 = Release|Any CPU
		{02128241-EC44-429C-9C9C-C3A470F110D0}.Release|Mixed Platforms.ActiveCfg = Release|Any CPU
		{02128241-EC44-429C-9C9C-C3A470F110D0}.Release|Mixed Platforms.Build.0 = Release|Any CPU
		{02128241-EC44-429C-9C9C-C3A470F110D0}.Release|x86.ActiveCfg = Release|Any CPU
		{02128241-EC44-429C-9C9C-C3A470F110D0}.Test|Any CPU.ActiveCfg = Test|Any CPU
		{02128241-EC44-429C-9C9C-C3A470F110D0}.Test|Any CPU.Build.0 = Test|Any CPU
		{02128241-EC44-429C-9C9C-C3A470F110D0}.Test|Mixed Platforms.ActiveCfg = Test|Any CPU
		{02128241-EC44-429C-9C9C-C3A470F110D0}.Test|Mixed Platforms.Build.0 = Test|Any CPU
		{02128241-EC44-429C-9C9C-C3A470F110D0}.Test|x86.ActiveCfg = Test|Any CPU
		{F9E8BFD4-3233-4926-AAA6-AF07AFCF11CC}.Debug|Any CPU.ActiveCfg = Debug|Any CPU
		{F9E8BFD4-3233-4926-AAA6-AF07AFCF11CC}.Debug|Any CPU.Build.0 = Debug|Any CPU
		{F9E8BFD4-3233-4926-AAA6-AF07AFCF11CC}.Debug|Mixed Platforms.ActiveCfg = Debug|Any CPU
		{F9E8BFD4-3233-4926-AAA6-AF07AFCF11CC}.Debug|Mixed Platforms.Build.0 = Debug|Any CPU
		{F9E8BFD4-3233-4926-AAA6-AF07AFCF11CC}.Debug|x86.ActiveCfg = Debug|Any CPU
		{F9E8BFD4-3233-4926-AAA6-AF07AFCF11CC}.Demo|Any CPU.ActiveCfg = Demo|Any CPU
		{F9E8BFD4-3233-4926-AAA6-AF07AFCF11CC}.Demo|Any CPU.Build.0 = Demo|Any CPU
		{F9E8BFD4-3233-4926-AAA6-AF07AFCF11CC}.Demo|Mixed Platforms.ActiveCfg = Demo|Any CPU
		{F9E8BFD4-3233-4926-AAA6-AF07AFCF11CC}.Demo|Mixed Platforms.Build.0 = Demo|Any CPU
		{F9E8BFD4-3233-4926-AAA6-AF07AFCF11CC}.Demo|x86.ActiveCfg = Demo|Any CPU
		{F9E8BFD4-3233-4926-AAA6-AF07AFCF11CC}.Prod|Any CPU.ActiveCfg = Prod|Any CPU
		{F9E8BFD4-3233-4926-AAA6-AF07AFCF11CC}.Prod|Any CPU.Build.0 = Prod|Any CPU
		{F9E8BFD4-3233-4926-AAA6-AF07AFCF11CC}.Prod|Mixed Platforms.ActiveCfg = Prod|Any CPU
		{F9E8BFD4-3233-4926-AAA6-AF07AFCF11CC}.Prod|Mixed Platforms.Build.0 = Prod|Any CPU
		{F9E8BFD4-3233-4926-AAA6-AF07AFCF11CC}.Prod|x86.ActiveCfg = Prod|Any CPU
		{F9E8BFD4-3233-4926-AAA6-AF07AFCF11CC}.Release|Any CPU.ActiveCfg = Release|Any CPU
		{F9E8BFD4-3233-4926-AAA6-AF07AFCF11CC}.Release|Any CPU.Build.0 = Release|Any CPU
		{F9E8BFD4-3233-4926-AAA6-AF07AFCF11CC}.Release|Mixed Platforms.ActiveCfg = Release|Any CPU
		{F9E8BFD4-3233-4926-AAA6-AF07AFCF11CC}.Release|Mixed Platforms.Build.0 = Release|Any CPU
		{F9E8BFD4-3233-4926-AAA6-AF07AFCF11CC}.Release|x86.ActiveCfg = Release|Any CPU
		{F9E8BFD4-3233-4926-AAA6-AF07AFCF11CC}.Test|Any CPU.ActiveCfg = Test|Any CPU
		{F9E8BFD4-3233-4926-AAA6-AF07AFCF11CC}.Test|Any CPU.Build.0 = Test|Any CPU
		{F9E8BFD4-3233-4926-AAA6-AF07AFCF11CC}.Test|Mixed Platforms.ActiveCfg = Test|Any CPU
		{F9E8BFD4-3233-4926-AAA6-AF07AFCF11CC}.Test|Mixed Platforms.Build.0 = Test|Any CPU
		{F9E8BFD4-3233-4926-AAA6-AF07AFCF11CC}.Test|x86.ActiveCfg = Test|Any CPU
		{613C28F2-9A6B-475E-B76D-6CAA60622818}.Debug|Any CPU.ActiveCfg = Debug|Any CPU
		{613C28F2-9A6B-475E-B76D-6CAA60622818}.Debug|Any CPU.Build.0 = Debug|Any CPU
		{613C28F2-9A6B-475E-B76D-6CAA60622818}.Debug|Mixed Platforms.ActiveCfg = Debug|Any CPU
		{613C28F2-9A6B-475E-B76D-6CAA60622818}.Debug|Mixed Platforms.Build.0 = Debug|Any CPU
		{613C28F2-9A6B-475E-B76D-6CAA60622818}.Debug|x86.ActiveCfg = Debug|Any CPU
		{613C28F2-9A6B-475E-B76D-6CAA60622818}.Demo|Any CPU.ActiveCfg = Demo|Any CPU
		{613C28F2-9A6B-475E-B76D-6CAA60622818}.Demo|Any CPU.Build.0 = Demo|Any CPU
		{613C28F2-9A6B-475E-B76D-6CAA60622818}.Demo|Mixed Platforms.ActiveCfg = Demo|Any CPU
		{613C28F2-9A6B-475E-B76D-6CAA60622818}.Demo|Mixed Platforms.Build.0 = Demo|Any CPU
		{613C28F2-9A6B-475E-B76D-6CAA60622818}.Demo|x86.ActiveCfg = Demo|Any CPU
		{613C28F2-9A6B-475E-B76D-6CAA60622818}.Prod|Any CPU.ActiveCfg = Prod|Any CPU
		{613C28F2-9A6B-475E-B76D-6CAA60622818}.Prod|Mixed Platforms.ActiveCfg = Prod|Any CPU
		{613C28F2-9A6B-475E-B76D-6CAA60622818}.Prod|Mixed Platforms.Build.0 = Prod|Any CPU
		{613C28F2-9A6B-475E-B76D-6CAA60622818}.Prod|x86.ActiveCfg = Prod|Any CPU
		{613C28F2-9A6B-475E-B76D-6CAA60622818}.Release|Any CPU.ActiveCfg = Release|Any CPU
		{613C28F2-9A6B-475E-B76D-6CAA60622818}.Release|Any CPU.Build.0 = Release|Any CPU
		{613C28F2-9A6B-475E-B76D-6CAA60622818}.Release|Mixed Platforms.ActiveCfg = Release|Any CPU
		{613C28F2-9A6B-475E-B76D-6CAA60622818}.Release|Mixed Platforms.Build.0 = Release|Any CPU
		{613C28F2-9A6B-475E-B76D-6CAA60622818}.Release|x86.ActiveCfg = Release|Any CPU
		{613C28F2-9A6B-475E-B76D-6CAA60622818}.Test|Any CPU.ActiveCfg = Test|Any CPU
		{613C28F2-9A6B-475E-B76D-6CAA60622818}.Test|Any CPU.Build.0 = Test|Any CPU
		{613C28F2-9A6B-475E-B76D-6CAA60622818}.Test|Mixed Platforms.ActiveCfg = Test|Any CPU
		{613C28F2-9A6B-475E-B76D-6CAA60622818}.Test|Mixed Platforms.Build.0 = Test|Any CPU
		{613C28F2-9A6B-475E-B76D-6CAA60622818}.Test|x86.ActiveCfg = Test|Any CPU
		{8F7AFE5C-EAF8-41B3-BACC-AE6B950CAFFA}.Debug|Any CPU.ActiveCfg = Debug|Any CPU
		{8F7AFE5C-EAF8-41B3-BACC-AE6B950CAFFA}.Debug|Any CPU.Build.0 = Debug|Any CPU
		{8F7AFE5C-EAF8-41B3-BACC-AE6B950CAFFA}.Debug|Mixed Platforms.ActiveCfg = Debug|Any CPU
		{8F7AFE5C-EAF8-41B3-BACC-AE6B950CAFFA}.Debug|Mixed Platforms.Build.0 = Debug|Any CPU
		{8F7AFE5C-EAF8-41B3-BACC-AE6B950CAFFA}.Debug|x86.ActiveCfg = Debug|Any CPU
		{8F7AFE5C-EAF8-41B3-BACC-AE6B950CAFFA}.Demo|Any CPU.ActiveCfg = Demo|Any CPU
		{8F7AFE5C-EAF8-41B3-BACC-AE6B950CAFFA}.Demo|Any CPU.Build.0 = Demo|Any CPU
		{8F7AFE5C-EAF8-41B3-BACC-AE6B950CAFFA}.Demo|Mixed Platforms.ActiveCfg = Demo|Any CPU
		{8F7AFE5C-EAF8-41B3-BACC-AE6B950CAFFA}.Demo|Mixed Platforms.Build.0 = Demo|Any CPU
		{8F7AFE5C-EAF8-41B3-BACC-AE6B950CAFFA}.Demo|x86.ActiveCfg = Demo|Any CPU
		{8F7AFE5C-EAF8-41B3-BACC-AE6B950CAFFA}.Prod|Any CPU.ActiveCfg = Prod|Any CPU
		{8F7AFE5C-EAF8-41B3-BACC-AE6B950CAFFA}.Prod|Any CPU.Build.0 = Prod|Any CPU
		{8F7AFE5C-EAF8-41B3-BACC-AE6B950CAFFA}.Prod|Mixed Platforms.ActiveCfg = Prod|Any CPU
		{8F7AFE5C-EAF8-41B3-BACC-AE6B950CAFFA}.Prod|Mixed Platforms.Build.0 = Prod|Any CPU
		{8F7AFE5C-EAF8-41B3-BACC-AE6B950CAFFA}.Prod|x86.ActiveCfg = Prod|Any CPU
		{8F7AFE5C-EAF8-41B3-BACC-AE6B950CAFFA}.Release|Any CPU.ActiveCfg = Release|Any CPU
		{8F7AFE5C-EAF8-41B3-BACC-AE6B950CAFFA}.Release|Any CPU.Build.0 = Release|Any CPU
		{8F7AFE5C-EAF8-41B3-BACC-AE6B950CAFFA}.Release|Mixed Platforms.ActiveCfg = Release|Any CPU
		{8F7AFE5C-EAF8-41B3-BACC-AE6B950CAFFA}.Release|Mixed Platforms.Build.0 = Release|Any CPU
		{8F7AFE5C-EAF8-41B3-BACC-AE6B950CAFFA}.Release|x86.ActiveCfg = Release|Any CPU
		{8F7AFE5C-EAF8-41B3-BACC-AE6B950CAFFA}.Test|Any CPU.ActiveCfg = Test|Any CPU
		{8F7AFE5C-EAF8-41B3-BACC-AE6B950CAFFA}.Test|Any CPU.Build.0 = Test|Any CPU
		{8F7AFE5C-EAF8-41B3-BACC-AE6B950CAFFA}.Test|Mixed Platforms.ActiveCfg = Test|Any CPU
		{8F7AFE5C-EAF8-41B3-BACC-AE6B950CAFFA}.Test|Mixed Platforms.Build.0 = Test|Any CPU
		{8F7AFE5C-EAF8-41B3-BACC-AE6B950CAFFA}.Test|x86.ActiveCfg = Test|Any CPU
		{C486CFE9-14AE-4888-A736-88F5AEC57F98}.Debug|Any CPU.ActiveCfg = Debug|Any CPU
		{C486CFE9-14AE-4888-A736-88F5AEC57F98}.Debug|Any CPU.Build.0 = Debug|Any CPU
		{C486CFE9-14AE-4888-A736-88F5AEC57F98}.Debug|Mixed Platforms.ActiveCfg = Debug|Any CPU
		{C486CFE9-14AE-4888-A736-88F5AEC57F98}.Debug|Mixed Platforms.Build.0 = Debug|Any CPU
		{C486CFE9-14AE-4888-A736-88F5AEC57F98}.Debug|x86.ActiveCfg = Debug|Any CPU
		{C486CFE9-14AE-4888-A736-88F5AEC57F98}.Demo|Any CPU.ActiveCfg = Demo|Any CPU
		{C486CFE9-14AE-4888-A736-88F5AEC57F98}.Demo|Any CPU.Build.0 = Demo|Any CPU
		{C486CFE9-14AE-4888-A736-88F5AEC57F98}.Demo|Mixed Platforms.ActiveCfg = Demo|Any CPU
		{C486CFE9-14AE-4888-A736-88F5AEC57F98}.Demo|Mixed Platforms.Build.0 = Demo|Any CPU
		{C486CFE9-14AE-4888-A736-88F5AEC57F98}.Demo|x86.ActiveCfg = Demo|Any CPU
		{C486CFE9-14AE-4888-A736-88F5AEC57F98}.Prod|Any CPU.ActiveCfg = Prod|Any CPU
		{C486CFE9-14AE-4888-A736-88F5AEC57F98}.Prod|Mixed Platforms.ActiveCfg = Prod|Any CPU
		{C486CFE9-14AE-4888-A736-88F5AEC57F98}.Prod|Mixed Platforms.Build.0 = Prod|Any CPU
		{C486CFE9-14AE-4888-A736-88F5AEC57F98}.Prod|x86.ActiveCfg = Prod|Any CPU
		{C486CFE9-14AE-4888-A736-88F5AEC57F98}.Release|Any CPU.ActiveCfg = Release|Any CPU
		{C486CFE9-14AE-4888-A736-88F5AEC57F98}.Release|Any CPU.Build.0 = Release|Any CPU
		{C486CFE9-14AE-4888-A736-88F5AEC57F98}.Release|Mixed Platforms.ActiveCfg = Release|Any CPU
		{C486CFE9-14AE-4888-A736-88F5AEC57F98}.Release|Mixed Platforms.Build.0 = Release|Any CPU
		{C486CFE9-14AE-4888-A736-88F5AEC57F98}.Release|x86.ActiveCfg = Release|Any CPU
		{C486CFE9-14AE-4888-A736-88F5AEC57F98}.Test|Any CPU.ActiveCfg = Test|Any CPU
		{C486CFE9-14AE-4888-A736-88F5AEC57F98}.Test|Any CPU.Build.0 = Test|Any CPU
		{C486CFE9-14AE-4888-A736-88F5AEC57F98}.Test|Mixed Platforms.ActiveCfg = Test|Any CPU
		{C486CFE9-14AE-4888-A736-88F5AEC57F98}.Test|Mixed Platforms.Build.0 = Test|Any CPU
		{C486CFE9-14AE-4888-A736-88F5AEC57F98}.Test|x86.ActiveCfg = Test|Any CPU
		{5C4244D8-83FB-4EF2-9634-95541270463C}.Debug|Any CPU.ActiveCfg = Debug|Any CPU
		{5C4244D8-83FB-4EF2-9634-95541270463C}.Debug|Any CPU.Build.0 = Debug|Any CPU
		{5C4244D8-83FB-4EF2-9634-95541270463C}.Debug|Mixed Platforms.ActiveCfg = Debug|Any CPU
		{5C4244D8-83FB-4EF2-9634-95541270463C}.Debug|Mixed Platforms.Build.0 = Debug|Any CPU
		{5C4244D8-83FB-4EF2-9634-95541270463C}.Debug|x86.ActiveCfg = Debug|Any CPU
		{5C4244D8-83FB-4EF2-9634-95541270463C}.Demo|Any CPU.ActiveCfg = Demo|Any CPU
		{5C4244D8-83FB-4EF2-9634-95541270463C}.Demo|Mixed Platforms.ActiveCfg = Demo|Any CPU
		{5C4244D8-83FB-4EF2-9634-95541270463C}.Demo|Mixed Platforms.Build.0 = Demo|Any CPU
		{5C4244D8-83FB-4EF2-9634-95541270463C}.Demo|x86.ActiveCfg = Demo|Any CPU
		{5C4244D8-83FB-4EF2-9634-95541270463C}.Prod|Any CPU.ActiveCfg = Prod|Any CPU
		{5C4244D8-83FB-4EF2-9634-95541270463C}.Prod|Mixed Platforms.ActiveCfg = Prod|Any CPU
		{5C4244D8-83FB-4EF2-9634-95541270463C}.Prod|Mixed Platforms.Build.0 = Prod|Any CPU
		{5C4244D8-83FB-4EF2-9634-95541270463C}.Prod|x86.ActiveCfg = Prod|Any CPU
		{5C4244D8-83FB-4EF2-9634-95541270463C}.Release|Any CPU.ActiveCfg = Release|Any CPU
		{5C4244D8-83FB-4EF2-9634-95541270463C}.Release|Mixed Platforms.ActiveCfg = Release|Any CPU
		{5C4244D8-83FB-4EF2-9634-95541270463C}.Release|Mixed Platforms.Build.0 = Release|Any CPU
		{5C4244D8-83FB-4EF2-9634-95541270463C}.Release|x86.ActiveCfg = Release|Any CPU
		{5C4244D8-83FB-4EF2-9634-95541270463C}.Test|Any CPU.ActiveCfg = Test|Any CPU
		{5C4244D8-83FB-4EF2-9634-95541270463C}.Test|Mixed Platforms.ActiveCfg = Test|Any CPU
		{5C4244D8-83FB-4EF2-9634-95541270463C}.Test|Mixed Platforms.Build.0 = Test|Any CPU
		{5C4244D8-83FB-4EF2-9634-95541270463C}.Test|x86.ActiveCfg = Test|Any CPU
		{C041C8C6-AC4E-4F74-A827-7F3D790E1ACE}.Debug|Any CPU.ActiveCfg = Debug|Any CPU
		{C041C8C6-AC4E-4F74-A827-7F3D790E1ACE}.Debug|Any CPU.Build.0 = Debug|Any CPU
		{C041C8C6-AC4E-4F74-A827-7F3D790E1ACE}.Debug|Mixed Platforms.ActiveCfg = Debug|Any CPU
		{C041C8C6-AC4E-4F74-A827-7F3D790E1ACE}.Debug|Mixed Platforms.Build.0 = Debug|Any CPU
		{C041C8C6-AC4E-4F74-A827-7F3D790E1ACE}.Debug|x86.ActiveCfg = Debug|Any CPU
		{C041C8C6-AC4E-4F74-A827-7F3D790E1ACE}.Demo|Any CPU.ActiveCfg = Demo|Any CPU
		{C041C8C6-AC4E-4F74-A827-7F3D790E1ACE}.Demo|Any CPU.Build.0 = Demo|Any CPU
		{C041C8C6-AC4E-4F74-A827-7F3D790E1ACE}.Demo|Mixed Platforms.ActiveCfg = Demo|Any CPU
		{C041C8C6-AC4E-4F74-A827-7F3D790E1ACE}.Demo|Mixed Platforms.Build.0 = Demo|Any CPU
		{C041C8C6-AC4E-4F74-A827-7F3D790E1ACE}.Demo|x86.ActiveCfg = Demo|Any CPU
		{C041C8C6-AC4E-4F74-A827-7F3D790E1ACE}.Prod|Any CPU.ActiveCfg = Prod|Any CPU
		{C041C8C6-AC4E-4F74-A827-7F3D790E1ACE}.Prod|Any CPU.Build.0 = Prod|Any CPU
		{C041C8C6-AC4E-4F74-A827-7F3D790E1ACE}.Prod|Mixed Platforms.ActiveCfg = Prod|Any CPU
		{C041C8C6-AC4E-4F74-A827-7F3D790E1ACE}.Prod|Mixed Platforms.Build.0 = Prod|Any CPU
		{C041C8C6-AC4E-4F74-A827-7F3D790E1ACE}.Prod|x86.ActiveCfg = Prod|Any CPU
		{C041C8C6-AC4E-4F74-A827-7F3D790E1ACE}.Release|Any CPU.ActiveCfg = Release|Any CPU
		{C041C8C6-AC4E-4F74-A827-7F3D790E1ACE}.Release|Any CPU.Build.0 = Release|Any CPU
		{C041C8C6-AC4E-4F74-A827-7F3D790E1ACE}.Release|Mixed Platforms.ActiveCfg = Release|Any CPU
		{C041C8C6-AC4E-4F74-A827-7F3D790E1ACE}.Release|Mixed Platforms.Build.0 = Release|Any CPU
		{C041C8C6-AC4E-4F74-A827-7F3D790E1ACE}.Release|x86.ActiveCfg = Release|Any CPU
		{C041C8C6-AC4E-4F74-A827-7F3D790E1ACE}.Test|Any CPU.ActiveCfg = Test|Any CPU
		{C041C8C6-AC4E-4F74-A827-7F3D790E1ACE}.Test|Any CPU.Build.0 = Test|Any CPU
		{C041C8C6-AC4E-4F74-A827-7F3D790E1ACE}.Test|Mixed Platforms.ActiveCfg = Test|Any CPU
		{C041C8C6-AC4E-4F74-A827-7F3D790E1ACE}.Test|Mixed Platforms.Build.0 = Test|Any CPU
		{C041C8C6-AC4E-4F74-A827-7F3D790E1ACE}.Test|x86.ActiveCfg = Test|Any CPU
		{195E7CE4-4DB5-483A-80D6-8A5070A21F37}.Debug|Any CPU.ActiveCfg = Debug|x86
		{195E7CE4-4DB5-483A-80D6-8A5070A21F37}.Debug|Mixed Platforms.ActiveCfg = Debug|x86
		{195E7CE4-4DB5-483A-80D6-8A5070A21F37}.Debug|Mixed Platforms.Build.0 = Debug|x86
		{195E7CE4-4DB5-483A-80D6-8A5070A21F37}.Debug|x86.ActiveCfg = Debug|x86
		{195E7CE4-4DB5-483A-80D6-8A5070A21F37}.Debug|x86.Build.0 = Debug|x86
		{195E7CE4-4DB5-483A-80D6-8A5070A21F37}.Demo|Any CPU.ActiveCfg = Demo|x86
		{195E7CE4-4DB5-483A-80D6-8A5070A21F37}.Demo|Mixed Platforms.ActiveCfg = Demo|x86
		{195E7CE4-4DB5-483A-80D6-8A5070A21F37}.Demo|Mixed Platforms.Build.0 = Demo|x86
		{195E7CE4-4DB5-483A-80D6-8A5070A21F37}.Demo|x86.ActiveCfg = Demo|x86
		{195E7CE4-4DB5-483A-80D6-8A5070A21F37}.Prod|Any CPU.ActiveCfg = Prod|x86
		{195E7CE4-4DB5-483A-80D6-8A5070A21F37}.Prod|Mixed Platforms.ActiveCfg = Prod|x86
		{195E7CE4-4DB5-483A-80D6-8A5070A21F37}.Prod|Mixed Platforms.Build.0 = Prod|x86
		{195E7CE4-4DB5-483A-80D6-8A5070A21F37}.Prod|x86.ActiveCfg = Prod|x86
		{195E7CE4-4DB5-483A-80D6-8A5070A21F37}.Release|Any CPU.ActiveCfg = Release|x86
		{195E7CE4-4DB5-483A-80D6-8A5070A21F37}.Release|Mixed Platforms.ActiveCfg = Release|x86
		{195E7CE4-4DB5-483A-80D6-8A5070A21F37}.Release|Mixed Platforms.Build.0 = Release|x86
		{195E7CE4-4DB5-483A-80D6-8A5070A21F37}.Release|x86.ActiveCfg = Release|x86
		{195E7CE4-4DB5-483A-80D6-8A5070A21F37}.Release|x86.Build.0 = Release|x86
		{195E7CE4-4DB5-483A-80D6-8A5070A21F37}.Test|Any CPU.ActiveCfg = Test|x86
		{195E7CE4-4DB5-483A-80D6-8A5070A21F37}.Test|Mixed Platforms.ActiveCfg = Test|x86
		{195E7CE4-4DB5-483A-80D6-8A5070A21F37}.Test|Mixed Platforms.Build.0 = Test|x86
		{195E7CE4-4DB5-483A-80D6-8A5070A21F37}.Test|x86.ActiveCfg = Test|x86
		{844D7398-7D2C-4F63-A3EB-A2FAB7598CAE}.Debug|Any CPU.ActiveCfg = Debug|Any CPU
		{844D7398-7D2C-4F63-A3EB-A2FAB7598CAE}.Debug|Any CPU.Build.0 = Debug|Any CPU
		{844D7398-7D2C-4F63-A3EB-A2FAB7598CAE}.Debug|Mixed Platforms.ActiveCfg = Debug|Any CPU
		{844D7398-7D2C-4F63-A3EB-A2FAB7598CAE}.Debug|Mixed Platforms.Build.0 = Debug|Any CPU
		{844D7398-7D2C-4F63-A3EB-A2FAB7598CAE}.Debug|x86.ActiveCfg = Debug|Any CPU
		{844D7398-7D2C-4F63-A3EB-A2FAB7598CAE}.Demo|Any CPU.ActiveCfg = Demo|Any CPU
		{844D7398-7D2C-4F63-A3EB-A2FAB7598CAE}.Demo|Any CPU.Build.0 = Demo|Any CPU
		{844D7398-7D2C-4F63-A3EB-A2FAB7598CAE}.Demo|Mixed Platforms.ActiveCfg = Demo|Any CPU
		{844D7398-7D2C-4F63-A3EB-A2FAB7598CAE}.Demo|Mixed Platforms.Build.0 = Demo|Any CPU
		{844D7398-7D2C-4F63-A3EB-A2FAB7598CAE}.Demo|x86.ActiveCfg = Demo|Any CPU
		{844D7398-7D2C-4F63-A3EB-A2FAB7598CAE}.Prod|Any CPU.ActiveCfg = Prod|Any CPU
		{844D7398-7D2C-4F63-A3EB-A2FAB7598CAE}.Prod|Mixed Platforms.ActiveCfg = Prod|Any CPU
		{844D7398-7D2C-4F63-A3EB-A2FAB7598CAE}.Prod|Mixed Platforms.Build.0 = Prod|Any CPU
		{844D7398-7D2C-4F63-A3EB-A2FAB7598CAE}.Prod|x86.ActiveCfg = Prod|Any CPU
		{844D7398-7D2C-4F63-A3EB-A2FAB7598CAE}.Release|Any CPU.ActiveCfg = Release|Any CPU
		{844D7398-7D2C-4F63-A3EB-A2FAB7598CAE}.Release|Any CPU.Build.0 = Release|Any CPU
		{844D7398-7D2C-4F63-A3EB-A2FAB7598CAE}.Release|Mixed Platforms.ActiveCfg = Release|Any CPU
		{844D7398-7D2C-4F63-A3EB-A2FAB7598CAE}.Release|Mixed Platforms.Build.0 = Release|Any CPU
		{844D7398-7D2C-4F63-A3EB-A2FAB7598CAE}.Release|x86.ActiveCfg = Release|Any CPU
		{844D7398-7D2C-4F63-A3EB-A2FAB7598CAE}.Test|Any CPU.ActiveCfg = Test|Any CPU
		{844D7398-7D2C-4F63-A3EB-A2FAB7598CAE}.Test|Any CPU.Build.0 = Test|Any CPU
		{844D7398-7D2C-4F63-A3EB-A2FAB7598CAE}.Test|Mixed Platforms.ActiveCfg = Test|Any CPU
		{844D7398-7D2C-4F63-A3EB-A2FAB7598CAE}.Test|Mixed Platforms.Build.0 = Test|Any CPU
		{844D7398-7D2C-4F63-A3EB-A2FAB7598CAE}.Test|x86.ActiveCfg = Test|Any CPU
		{BD36072A-E83C-436D-BFB1-1DDBA33F63BB}.Debug|Any CPU.ActiveCfg = Debug|Any CPU
		{BD36072A-E83C-436D-BFB1-1DDBA33F63BB}.Debug|Mixed Platforms.ActiveCfg = Debug|Any CPU
		{BD36072A-E83C-436D-BFB1-1DDBA33F63BB}.Debug|Mixed Platforms.Build.0 = Debug|Any CPU
		{BD36072A-E83C-436D-BFB1-1DDBA33F63BB}.Debug|x86.ActiveCfg = Debug|Any CPU
		{BD36072A-E83C-436D-BFB1-1DDBA33F63BB}.Demo|Any CPU.ActiveCfg = Demo|Any CPU
		{BD36072A-E83C-436D-BFB1-1DDBA33F63BB}.Demo|Any CPU.Build.0 = Demo|Any CPU
		{BD36072A-E83C-436D-BFB1-1DDBA33F63BB}.Demo|Mixed Platforms.ActiveCfg = Demo|Any CPU
		{BD36072A-E83C-436D-BFB1-1DDBA33F63BB}.Demo|Mixed Platforms.Build.0 = Demo|Any CPU
		{BD36072A-E83C-436D-BFB1-1DDBA33F63BB}.Demo|Mixed Platforms.Deploy.0 = Demo|Any CPU
		{BD36072A-E83C-436D-BFB1-1DDBA33F63BB}.Demo|x86.ActiveCfg = Demo|Any CPU
		{BD36072A-E83C-436D-BFB1-1DDBA33F63BB}.Prod|Any CPU.ActiveCfg = Prod|Any CPU
		{BD36072A-E83C-436D-BFB1-1DDBA33F63BB}.Prod|Any CPU.Build.0 = Prod|Any CPU
		{BD36072A-E83C-436D-BFB1-1DDBA33F63BB}.Prod|Mixed Platforms.ActiveCfg = Prod|Any CPU
		{BD36072A-E83C-436D-BFB1-1DDBA33F63BB}.Prod|Mixed Platforms.Build.0 = Prod|Any CPU
		{BD36072A-E83C-436D-BFB1-1DDBA33F63BB}.Prod|Mixed Platforms.Deploy.0 = Prod|Any CPU
		{BD36072A-E83C-436D-BFB1-1DDBA33F63BB}.Prod|x86.ActiveCfg = Prod|Any CPU
		{BD36072A-E83C-436D-BFB1-1DDBA33F63BB}.Release|Any CPU.ActiveCfg = Release|Any CPU
		{BD36072A-E83C-436D-BFB1-1DDBA33F63BB}.Release|Any CPU.Build.0 = Release|Any CPU
		{BD36072A-E83C-436D-BFB1-1DDBA33F63BB}.Release|Mixed Platforms.ActiveCfg = Release|Any CPU
		{BD36072A-E83C-436D-BFB1-1DDBA33F63BB}.Release|Mixed Platforms.Build.0 = Release|Any CPU
		{BD36072A-E83C-436D-BFB1-1DDBA33F63BB}.Release|Mixed Platforms.Deploy.0 = Release|Any CPU
		{BD36072A-E83C-436D-BFB1-1DDBA33F63BB}.Release|x86.ActiveCfg = Release|Any CPU
		{BD36072A-E83C-436D-BFB1-1DDBA33F63BB}.Test|Any CPU.ActiveCfg = Test|Any CPU
		{BD36072A-E83C-436D-BFB1-1DDBA33F63BB}.Test|Any CPU.Build.0 = Test|Any CPU
		{BD36072A-E83C-436D-BFB1-1DDBA33F63BB}.Test|Mixed Platforms.ActiveCfg = Test|Any CPU
		{BD36072A-E83C-436D-BFB1-1DDBA33F63BB}.Test|Mixed Platforms.Build.0 = Test|Any CPU
		{BD36072A-E83C-436D-BFB1-1DDBA33F63BB}.Test|Mixed Platforms.Deploy.0 = Test|Any CPU
		{BD36072A-E83C-436D-BFB1-1DDBA33F63BB}.Test|x86.ActiveCfg = Test|Any CPU
		{2196AC76-B704-4036-A186-ADB546756CE8}.Debug|Any CPU.ActiveCfg = Debug|Any CPU
		{2196AC76-B704-4036-A186-ADB546756CE8}.Debug|Any CPU.Build.0 = Debug|Any CPU
		{2196AC76-B704-4036-A186-ADB546756CE8}.Debug|Mixed Platforms.ActiveCfg = Debug|Any CPU
		{2196AC76-B704-4036-A186-ADB546756CE8}.Debug|Mixed Platforms.Build.0 = Debug|Any CPU
		{2196AC76-B704-4036-A186-ADB546756CE8}.Debug|x86.ActiveCfg = Debug|Any CPU
		{2196AC76-B704-4036-A186-ADB546756CE8}.Demo|Any CPU.ActiveCfg = Demo|Any CPU
		{2196AC76-B704-4036-A186-ADB546756CE8}.Demo|Any CPU.Build.0 = Demo|Any CPU
		{2196AC76-B704-4036-A186-ADB546756CE8}.Demo|Mixed Platforms.ActiveCfg = Demo|Any CPU
		{2196AC76-B704-4036-A186-ADB546756CE8}.Demo|Mixed Platforms.Build.0 = Demo|Any CPU
		{2196AC76-B704-4036-A186-ADB546756CE8}.Demo|x86.ActiveCfg = Demo|Any CPU
		{2196AC76-B704-4036-A186-ADB546756CE8}.Prod|Any CPU.ActiveCfg = Prod|Any CPU
		{2196AC76-B704-4036-A186-ADB546756CE8}.Prod|Mixed Platforms.ActiveCfg = Prod|Any CPU
		{2196AC76-B704-4036-A186-ADB546756CE8}.Prod|Mixed Platforms.Build.0 = Prod|Any CPU
		{2196AC76-B704-4036-A186-ADB546756CE8}.Prod|x86.ActiveCfg = Prod|Any CPU
		{2196AC76-B704-4036-A186-ADB546756CE8}.Release|Any CPU.ActiveCfg = Release|Any CPU
		{2196AC76-B704-4036-A186-ADB546756CE8}.Release|Any CPU.Build.0 = Release|Any CPU
		{2196AC76-B704-4036-A186-ADB546756CE8}.Release|Mixed Platforms.ActiveCfg = Release|Any CPU
		{2196AC76-B704-4036-A186-ADB546756CE8}.Release|Mixed Platforms.Build.0 = Release|Any CPU
		{2196AC76-B704-4036-A186-ADB546756CE8}.Release|x86.ActiveCfg = Release|Any CPU
		{2196AC76-B704-4036-A186-ADB546756CE8}.Test|Any CPU.ActiveCfg = Test|Any CPU
		{2196AC76-B704-4036-A186-ADB546756CE8}.Test|Any CPU.Build.0 = Test|Any CPU
		{2196AC76-B704-4036-A186-ADB546756CE8}.Test|Mixed Platforms.ActiveCfg = Test|Any CPU
		{2196AC76-B704-4036-A186-ADB546756CE8}.Test|Mixed Platforms.Build.0 = Test|Any CPU
		{2196AC76-B704-4036-A186-ADB546756CE8}.Test|x86.ActiveCfg = Test|Any CPU
		{AC53FAD1-F5DD-4902-AB48-012F201FB649}.Debug|Any CPU.ActiveCfg = Debug|Any CPU
		{AC53FAD1-F5DD-4902-AB48-012F201FB649}.Debug|Any CPU.Build.0 = Debug|Any CPU
		{AC53FAD1-F5DD-4902-AB48-012F201FB649}.Debug|Mixed Platforms.ActiveCfg = Debug|Any CPU
		{AC53FAD1-F5DD-4902-AB48-012F201FB649}.Debug|Mixed Platforms.Build.0 = Debug|Any CPU
		{AC53FAD1-F5DD-4902-AB48-012F201FB649}.Debug|x86.ActiveCfg = Debug|Any CPU
		{AC53FAD1-F5DD-4902-AB48-012F201FB649}.Demo|Any CPU.ActiveCfg = Demo|Any CPU
		{AC53FAD1-F5DD-4902-AB48-012F201FB649}.Demo|Any CPU.Build.0 = Demo|Any CPU
		{AC53FAD1-F5DD-4902-AB48-012F201FB649}.Demo|Mixed Platforms.ActiveCfg = Demo|Any CPU
		{AC53FAD1-F5DD-4902-AB48-012F201FB649}.Demo|Mixed Platforms.Build.0 = Demo|Any CPU
		{AC53FAD1-F5DD-4902-AB48-012F201FB649}.Demo|x86.ActiveCfg = Demo|Any CPU
		{AC53FAD1-F5DD-4902-AB48-012F201FB649}.Prod|Any CPU.ActiveCfg = Prod|Any CPU
		{AC53FAD1-F5DD-4902-AB48-012F201FB649}.Prod|Any CPU.Build.0 = Prod|Any CPU
		{AC53FAD1-F5DD-4902-AB48-012F201FB649}.Prod|Mixed Platforms.ActiveCfg = Prod|Any CPU
		{AC53FAD1-F5DD-4902-AB48-012F201FB649}.Prod|Mixed Platforms.Build.0 = Prod|Any CPU
		{AC53FAD1-F5DD-4902-AB48-012F201FB649}.Prod|x86.ActiveCfg = Prod|Any CPU
		{AC53FAD1-F5DD-4902-AB48-012F201FB649}.Release|Any CPU.ActiveCfg = Release|Any CPU
		{AC53FAD1-F5DD-4902-AB48-012F201FB649}.Release|Any CPU.Build.0 = Release|Any CPU
		{AC53FAD1-F5DD-4902-AB48-012F201FB649}.Release|Mixed Platforms.ActiveCfg = Release|Any CPU
		{AC53FAD1-F5DD-4902-AB48-012F201FB649}.Release|Mixed Platforms.Build.0 = Release|Any CPU
		{AC53FAD1-F5DD-4902-AB48-012F201FB649}.Release|x86.ActiveCfg = Release|Any CPU
		{AC53FAD1-F5DD-4902-AB48-012F201FB649}.Test|Any CPU.ActiveCfg = Test|Any CPU
		{AC53FAD1-F5DD-4902-AB48-012F201FB649}.Test|Any CPU.Build.0 = Test|Any CPU
		{AC53FAD1-F5DD-4902-AB48-012F201FB649}.Test|Mixed Platforms.ActiveCfg = Test|Any CPU
		{AC53FAD1-F5DD-4902-AB48-012F201FB649}.Test|Mixed Platforms.Build.0 = Test|Any CPU
		{AC53FAD1-F5DD-4902-AB48-012F201FB649}.Test|x86.ActiveCfg = Test|Any CPU
		{675B0F31-ECBF-45AE-81E1-EBE6CA3BCB14}.Debug|Any CPU.ActiveCfg = Debug|Any CPU
		{675B0F31-ECBF-45AE-81E1-EBE6CA3BCB14}.Debug|Any CPU.Build.0 = Debug|Any CPU
		{675B0F31-ECBF-45AE-81E1-EBE6CA3BCB14}.Debug|Mixed Platforms.ActiveCfg = Debug|Any CPU
		{675B0F31-ECBF-45AE-81E1-EBE6CA3BCB14}.Debug|Mixed Platforms.Build.0 = Debug|Any CPU
		{675B0F31-ECBF-45AE-81E1-EBE6CA3BCB14}.Debug|x86.ActiveCfg = Debug|Any CPU
		{675B0F31-ECBF-45AE-81E1-EBE6CA3BCB14}.Demo|Any CPU.ActiveCfg = Demo|Any CPU
		{675B0F31-ECBF-45AE-81E1-EBE6CA3BCB14}.Demo|Any CPU.Build.0 = Demo|Any CPU
		{675B0F31-ECBF-45AE-81E1-EBE6CA3BCB14}.Demo|Mixed Platforms.ActiveCfg = Demo|Any CPU
		{675B0F31-ECBF-45AE-81E1-EBE6CA3BCB14}.Demo|Mixed Platforms.Build.0 = Demo|Any CPU
		{675B0F31-ECBF-45AE-81E1-EBE6CA3BCB14}.Demo|x86.ActiveCfg = Demo|Any CPU
		{675B0F31-ECBF-45AE-81E1-EBE6CA3BCB14}.Prod|Any CPU.ActiveCfg = Prod|Any CPU
		{675B0F31-ECBF-45AE-81E1-EBE6CA3BCB14}.Prod|Any CPU.Build.0 = Prod|Any CPU
		{675B0F31-ECBF-45AE-81E1-EBE6CA3BCB14}.Prod|Mixed Platforms.ActiveCfg = Prod|Any CPU
		{675B0F31-ECBF-45AE-81E1-EBE6CA3BCB14}.Prod|Mixed Platforms.Build.0 = Prod|Any CPU
		{675B0F31-ECBF-45AE-81E1-EBE6CA3BCB14}.Prod|x86.ActiveCfg = Prod|Any CPU
		{675B0F31-ECBF-45AE-81E1-EBE6CA3BCB14}.Release|Any CPU.ActiveCfg = Release|Any CPU
		{675B0F31-ECBF-45AE-81E1-EBE6CA3BCB14}.Release|Any CPU.Build.0 = Release|Any CPU
		{675B0F31-ECBF-45AE-81E1-EBE6CA3BCB14}.Release|Mixed Platforms.ActiveCfg = Release|Any CPU
		{675B0F31-ECBF-45AE-81E1-EBE6CA3BCB14}.Release|Mixed Platforms.Build.0 = Release|Any CPU
		{675B0F31-ECBF-45AE-81E1-EBE6CA3BCB14}.Release|x86.ActiveCfg = Release|Any CPU
		{675B0F31-ECBF-45AE-81E1-EBE6CA3BCB14}.Test|Any CPU.ActiveCfg = Test|Any CPU
		{675B0F31-ECBF-45AE-81E1-EBE6CA3BCB14}.Test|Any CPU.Build.0 = Test|Any CPU
		{675B0F31-ECBF-45AE-81E1-EBE6CA3BCB14}.Test|Mixed Platforms.ActiveCfg = Test|Any CPU
		{675B0F31-ECBF-45AE-81E1-EBE6CA3BCB14}.Test|Mixed Platforms.Build.0 = Test|Any CPU
		{675B0F31-ECBF-45AE-81E1-EBE6CA3BCB14}.Test|x86.ActiveCfg = Test|Any CPU
	EndGlobalSection
	GlobalSection(SolutionProperties) = preSolution
		HideSolutionNode = FALSE
	EndGlobalSection
	GlobalSection(NestedProjects) = preSolution
		{5C4244D8-83FB-4EF2-9634-95541270463C} = {F1666F43-97C7-42CD-8395-9F1B1C5794C2}
		{C041C8C6-AC4E-4F74-A827-7F3D790E1ACE} = {F1666F43-97C7-42CD-8395-9F1B1C5794C2}
		{195E7CE4-4DB5-483A-80D6-8A5070A21F37} = {F1666F43-97C7-42CD-8395-9F1B1C5794C2}
		{844D7398-7D2C-4F63-A3EB-A2FAB7598CAE} = {F1666F43-97C7-42CD-8395-9F1B1C5794C2}
	EndGlobalSection
EndGlobal
