
Microsoft Visual Studio Solution File, Format Version 12.00
# Visual Studio 2013
VisualStudioVersion = 12.0.31101.0
MinimumVisualStudioVersion = 10.0.40219.1
Project("{2150E333-8FDC-42A3-9474-1A3956D46DE8}") = "Tools", "Tools", "{F1666F43-97C7-42CD-8395-9F1B1C5794C2}"
EndProject
Project("{FAE04EC0-301F-11D3-BF4B-00C04F79EFBC}") = "Asam.Ppc.Domain", "Asam.Ppc.Domain\Asam.Ppc.Domain.csproj", "{D350FCA3-0CD6-4DE8-9887-FAC1B1146176}"
EndProject
Project("{FAE04EC0-301F-11D3-BF4B-00C04F79EFBC}") = "Asam.Ppc.Infrastructure", "Asam.Ppc.Infrastructure\Asam.Ppc.Infrastructure.csproj", "{40AA5339-5ADC-4C29-B87F-8FA030A855A2}"
EndProject
Project("{FAE04EC0-301F-11D3-BF4B-00C04F79EFBC}") = "Asam.Ppc.Service.Handlers", "Asam.Ppc.Service.Handlers\Asam.Ppc.Service.Handlers.csproj", "{BF7B2304-83E2-4267-857F-4B7AEB215558}"
EndProject
Project("{FAE04EC0-301F-11D3-BF4B-00C04F79EFBC}") = "Asam.Ppc.Service.Messages", "Asam.Ppc.Service.Messages\Asam.Ppc.Service.Messages.csproj", "{059A3BE7-2E3A-4D7E-940A-FE85404D7091}"
EndProject
Project("{FAE04EC0-301F-11D3-BF4B-00C04F79EFBC}") = "Asam.Ppc.Mvc.Infrastructure", "Asam.Ppc.Mvc.Infrastructure\Asam.Ppc.Mvc.Infrastructure.csproj", "{834D0ACA-16F9-4DBC-B809-DC41E9C8257A}"
EndProject
Project("{F088123C-0E9E-452A-89E6-6BA2F21D5CAC}") = "Asam.Ppc.Modeling", "Asam.Ppc.Modeling\Asam.Ppc.Modeling.modelproj", "{484EA667-0D22-4035-B481-1EA3B356A9B8}"
EndProject
Project("{FAE04EC0-301F-11D3-BF4B-00C04F79EFBC}") = "Asam.Ppc.Domain.Tests", "Asam.Ppc.Domain.Tests\Asam.Ppc.Domain.Tests.csproj", "{EE877130-08CE-4C51-9B40-2BCA4D275609}"
EndProject
Project("{FAE04EC0-301F-11D3-BF4B-00C04F79EFBC}") = "Asam.Ppc.Mvc4", "Asam.Ppc.Mvc4\Asam.Ppc.Mvc4.csproj", "{05867092-B3E6-4269-9544-FA55E943A320}"
EndProject
Project("{FAE04EC0-301F-11D3-BF4B-00C04F79EFBC}") = "Asam.Ppc.Mvc4.Tests", "Asam.Ppc.Mvc4.Tests\Asam.Ppc.Mvc4.Tests.csproj", "{02128241-EC44-429C-9C9C-C3A470F110D0}"
EndProject
Project("{FAE04EC0-301F-11D3-BF4B-00C04F79EFBC}") = "Asam.Ppc.Primitives", "Asam.Ppc.Primitives\Asam.Ppc.Primitives.csproj", "{F9E8BFD4-3233-4926-AAA6-AF07AFCF11CC}"
EndProject
Project("{2150E333-8FDC-42A3-9474-1A3956D46DE8}") = "Solution Items", "Solution Items", "{038F493D-FD00-44C3-A855-2D7F0EAEB117}"
	ProjectSection(SolutionItems) = preProject
		Asam.Ppc.vsmdi = Asam.Ppc.vsmdi
		Local.testsettings = Local.testsettings
		TraceAndTestImpact.testsettings = TraceAndTestImpact.testsettings
	EndProjectSection
EndProject
Project("{FAE04EC0-301F-11D3-BF4B-00C04F79EFBC}") = "Asam.Ppc.Service.Messages.Tests", "Asam.Ppc.Service.Messages.Tests\Asam.Ppc.Service.Messages.Tests.csproj", "{613C28F2-9A6B-475E-B76D-6CAA60622818}"
EndProject
Project("{FAE04EC0-301F-11D3-BF4B-00C04F79EFBC}") = "Asam.Ppc.Mvc.Infrastructure.Tests", "Asam.Ppc.Mvc.Infrastructure.Tests\Asam.Ppc.Mvc.Infrastructure.Tests.csproj", "{C486CFE9-14AE-4888-A736-88F5AEC57F98}"
EndProject
Project("{FAE04EC0-301F-11D3-BF4B-00C04F79EFBC}") = "WordDocumentGenerator.Library", "Tools\Word Document Generator\WordDocumentGenerator.Library\WordDocumentGenerator.Library.csproj", "{C041C8C6-AC4E-4F74-A827-7F3D790E1ACE}"
EndProject
Project("{FAE04EC0-301F-11D3-BF4B-00C04F79EFBC}") = "AsamPpcDocumentGenerator", "Tools\Word Document Generator\AsamPpcDocumentGenerator\AsamPpcDocumentGenerator.csproj", "{195E7CE4-4DB5-483A-80D6-8A5070A21F37}"
EndProject
Project("{FAE04EC0-301F-11D3-BF4B-00C04F79EFBC}") = "TestEHR", "TestEHR\TestEHR.csproj", "{75B31396-371F-4241-B236-7ECFDB065AC0}"
EndProject
Project("{FAE04EC0-301F-11D3-BF4B-00C04F79EFBC}") = "Asam.Ppc.LocalSTS", "Asam.Ppc.LocalSTS\Asam.Ppc.LocalSTS.csproj", "{675B0F31-ECBF-45AE-81E1-EBE6CA3BCB14}"
EndProject
Project("{00D1A9C2-B5F0-4AF3-8072-F6C62B433612}") = "Asam.Ppc.Database", "Asam.Ppc.Database\Asam.Ppc.Database.sqlproj", "{BD36072A-E83C-436D-BFB1-1DDBA33F63BB}"
EndProject
Project("{FAE04EC0-301F-11D3-BF4B-00C04F79EFBC}") = "Asam.Ppc.Infrastructure.Tests", "Asam.Ppc.Infrastructure.Tests\Asam.Ppc.Infrastructure.Tests.csproj", "{2196AC76-B704-4036-A186-ADB546756CE8}"
EndProject
Global
	GlobalSection(SolutionConfigurationPlatforms) = preSolution
		Debug|Any CPU = Debug|Any CPU
		Debug|Mixed Platforms = Debug|Mixed Platforms
		Debug|x86 = Debug|x86
		Release|Any CPU = Release|Any CPU
		Release|Mixed Platforms = Release|Mixed Platforms
		Release|x86 = Release|x86
	EndGlobalSection
	GlobalSection(ProjectConfigurationPlatforms) = postSolution
		{D350FCA3-0CD6-4DE8-9887-FAC1B1146176}.Debug|Any CPU.ActiveCfg = Debug|Any CPU
		{D350FCA3-0CD6-4DE8-9887-FAC1B1146176}.Debug|Any CPU.Build.0 = Debug|Any CPU
		{D350FCA3-0CD6-4DE8-9887-FAC1B1146176}.Debug|Mixed Platforms.ActiveCfg = Debug|Any CPU
		{D350FCA3-0CD6-4DE8-9887-FAC1B1146176}.Debug|Mixed Platforms.Build.0 = Debug|Any CPU
		{D350FCA3-0CD6-4DE8-9887-FAC1B1146176}.Debug|x86.ActiveCfg = Debug|Any CPU
		{D350FCA3-0CD6-4DE8-9887-FAC1B1146176}.Release|Any CPU.ActiveCfg = Release|Any CPU
		{D350FCA3-0CD6-4DE8-9887-FAC1B1146176}.Release|Any CPU.Build.0 = Release|Any CPU
		{D350FCA3-0CD6-4DE8-9887-FAC1B1146176}.Release|Mixed Platforms.ActiveCfg = Release|Any CPU
		{D350FCA3-0CD6-4DE8-9887-FAC1B1146176}.Release|Mixed Platforms.Build.0 = Release|Any CPU
		{D350FCA3-0CD6-4DE8-9887-FAC1B1146176}.Release|x86.ActiveCfg = Release|Any CPU
		{40AA5339-5ADC-4C29-B87F-8FA030A855A2}.Debug|Any CPU.ActiveCfg = Debug|Any CPU
		{40AA5339-5ADC-4C29-B87F-8FA030A855A2}.Debug|Any CPU.Build.0 = Debug|Any CPU
		{40AA5339-5ADC-4C29-B87F-8FA030A855A2}.Debug|Mixed Platforms.ActiveCfg = Debug|Any CPU
		{40AA5339-5ADC-4C29-B87F-8FA030A855A2}.Debug|Mixed Platforms.Build.0 = Debug|Any CPU
		{40AA5339-5ADC-4C29-B87F-8FA030A855A2}.Debug|x86.ActiveCfg = Debug|Any CPU
		{40AA5339-5ADC-4C29-B87F-8FA030A855A2}.Release|Any CPU.ActiveCfg = Release|Any CPU
		{40AA5339-5ADC-4C29-B87F-8FA030A855A2}.Release|Any CPU.Build.0 = Release|Any CPU
		{40AA5339-5ADC-4C29-B87F-8FA030A855A2}.Release|Mixed Platforms.ActiveCfg = Release|Any CPU
		{40AA5339-5ADC-4C29-B87F-8FA030A855A2}.Release|Mixed Platforms.Build.0 = Release|Any CPU
		{40AA5339-5ADC-4C29-B87F-8FA030A855A2}.Release|x86.ActiveCfg = Release|Any CPU
		{BF7B2304-83E2-4267-857F-4B7AEB215558}.Debug|Any CPU.ActiveCfg = Debug|Any CPU
		{BF7B2304-83E2-4267-857F-4B7AEB215558}.Debug|Any CPU.Build.0 = Debug|Any CPU
		{BF7B2304-83E2-4267-857F-4B7AEB215558}.Debug|Mixed Platforms.ActiveCfg = Debug|Any CPU
		{BF7B2304-83E2-4267-857F-4B7AEB215558}.Debug|Mixed Platforms.Build.0 = Debug|Any CPU
		{BF7B2304-83E2-4267-857F-4B7AEB215558}.Debug|x86.ActiveCfg = Debug|Any CPU
		{BF7B2304-83E2-4267-857F-4B7AEB215558}.Release|Any CPU.ActiveCfg = Release|Any CPU
		{BF7B2304-83E2-4267-857F-4B7AEB215558}.Release|Any CPU.Build.0 = Release|Any CPU
		{BF7B2304-83E2-4267-857F-4B7AEB215558}.Release|Mixed Platforms.ActiveCfg = Release|Any CPU
		{BF7B2304-83E2-4267-857F-4B7AEB215558}.Release|Mixed Platforms.Build.0 = Release|Any CPU
		{BF7B2304-83E2-4267-857F-4B7AEB215558}.Release|x86.ActiveCfg = Release|Any CPU
		{059A3BE7-2E3A-4D7E-940A-FE85404D7091}.Debug|Any CPU.ActiveCfg = Debug|Any CPU
		{059A3BE7-2E3A-4D7E-940A-FE85404D7091}.Debug|Any CPU.Build.0 = Debug|Any CPU
		{059A3BE7-2E3A-4D7E-940A-FE85404D7091}.Debug|Mixed Platforms.ActiveCfg = Debug|Any CPU
		{059A3BE7-2E3A-4D7E-940A-FE85404D7091}.Debug|Mixed Platforms.Build.0 = Debug|Any CPU
		{059A3BE7-2E3A-4D7E-940A-FE85404D7091}.Debug|x86.ActiveCfg = Debug|Any CPU
		{059A3BE7-2E3A-4D7E-940A-FE85404D7091}.Release|Any CPU.ActiveCfg = Release|Any CPU
		{059A3BE7-2E3A-4D7E-940A-FE85404D7091}.Release|Any CPU.Build.0 = Release|Any CPU
		{059A3BE7-2E3A-4D7E-940A-FE85404D7091}.Release|Mixed Platforms.ActiveCfg = Release|Any CPU
		{059A3BE7-2E3A-4D7E-940A-FE85404D7091}.Release|Mixed Platforms.Build.0 = Release|Any CPU
		{059A3BE7-2E3A-4D7E-940A-FE85404D7091}.Release|x86.ActiveCfg = Release|Any CPU
		{834D0ACA-16F9-4DBC-B809-DC41E9C8257A}.Debug|Any CPU.ActiveCfg = Debug|Any CPU
		{834D0ACA-16F9-4DBC-B809-DC41E9C8257A}.Debug|Any CPU.Build.0 = Debug|Any CPU
		{834D0ACA-16F9-4DBC-B809-DC41E9C8257A}.Debug|Mixed Platforms.ActiveCfg = Debug|Any CPU
		{834D0ACA-16F9-4DBC-B809-DC41E9C8257A}.Debug|Mixed Platforms.Build.0 = Debug|Any CPU
		{834D0ACA-16F9-4DBC-B809-DC41E9C8257A}.Debug|x86.ActiveCfg = Debug|Any CPU
		{834D0ACA-16F9-4DBC-B809-DC41E9C8257A}.Release|Any CPU.ActiveCfg = Release|Any CPU
		{834D0ACA-16F9-4DBC-B809-DC41E9C8257A}.Release|Any CPU.Build.0 = Release|Any CPU
		{834D0ACA-16F9-4DBC-B809-DC41E9C8257A}.Release|Mixed Platforms.ActiveCfg = Release|Any CPU
		{834D0ACA-16F9-4DBC-B809-DC41E9C8257A}.Release|Mixed Platforms.Build.0 = Release|Any CPU
		{834D0ACA-16F9-4DBC-B809-DC41E9C8257A}.Release|x86.ActiveCfg = Release|Any CPU
		{484EA667-0D22-4035-B481-1EA3B356A9B8}.Debug|Any CPU.ActiveCfg = Debug|Any CPU
		{484EA667-0D22-4035-B481-1EA3B356A9B8}.Debug|Any CPU.Build.0 = Debug|Any CPU
		{484EA667-0D22-4035-B481-1EA3B356A9B8}.Debug|Mixed Platforms.ActiveCfg = Debug|Any CPU
		{484EA667-0D22-4035-B481-1EA3B356A9B8}.Debug|Mixed Platforms.Build.0 = Debug|Any CPU
		{484EA667-0D22-4035-B481-1EA3B356A9B8}.Debug|x86.ActiveCfg = Debug|Any CPU
		{484EA667-0D22-4035-B481-1EA3B356A9B8}.Release|Any CPU.ActiveCfg = Release|Any CPU
		{484EA667-0D22-4035-B481-1EA3B356A9B8}.Release|Any CPU.Build.0 = Release|Any CPU
		{484EA667-0D22-4035-B481-1EA3B356A9B8}.Release|Mixed Platforms.ActiveCfg = Release|Any CPU
		{484EA667-0D22-4035-B481-1EA3B356A9B8}.Release|Mixed Platforms.Build.0 = Release|Any CPU
		{484EA667-0D22-4035-B481-1EA3B356A9B8}.Release|x86.ActiveCfg = Release|Any CPU
		{EE877130-08CE-4C51-9B40-2BCA4D275609}.Debug|Any CPU.ActiveCfg = Debug|Any CPU
		{EE877130-08CE-4C51-9B40-2BCA4D275609}.Debug|Any CPU.Build.0 = Debug|Any CPU
		{EE877130-08CE-4C51-9B40-2BCA4D275609}.Debug|Mixed Platforms.ActiveCfg = Debug|Any CPU
		{EE877130-08CE-4C51-9B40-2BCA4D275609}.Debug|Mixed Platforms.Build.0 = Debug|Any CPU
		{EE877130-08CE-4C51-9B40-2BCA4D275609}.Debug|x86.ActiveCfg = Debug|Any CPU
		{EE877130-08CE-4C51-9B40-2BCA4D275609}.Release|Any CPU.ActiveCfg = Release|Any CPU
		{EE877130-08CE-4C51-9B40-2BCA4D275609}.Release|Any CPU.Build.0 = Release|Any CPU
		{EE877130-08CE-4C51-9B40-2BCA4D275609}.Release|Mixed Platforms.ActiveCfg = Release|Any CPU
		{EE877130-08CE-4C51-9B40-2BCA4D275609}.Release|Mixed Platforms.Build.0 = Release|Any CPU
		{EE877130-08CE-4C51-9B40-2BCA4D275609}.Release|x86.ActiveCfg = Release|Any CPU
		{05867092-B3E6-4269-9544-FA55E943A320}.Debug|Any CPU.ActiveCfg = Debug|Any CPU
		{05867092-B3E6-4269-9544-FA55E943A320}.Debug|Any CPU.Build.0 = Debug|Any CPU
		{05867092-B3E6-4269-9544-FA55E943A320}.Debug|Mixed Platforms.ActiveCfg = Debug|Any CPU
		{05867092-B3E6-4269-9544-FA55E943A320}.Debug|Mixed Platforms.Build.0 = Debug|Any CPU
		{05867092-B3E6-4269-9544-FA55E943A320}.Debug|x86.ActiveCfg = Debug|Any CPU
		{05867092-B3E6-4269-9544-FA55E943A320}.Release|Any CPU.ActiveCfg = Release|Any CPU
		{05867092-B3E6-4269-9544-FA55E943A320}.Release|Any CPU.Build.0 = Release|Any CPU
		{05867092-B3E6-4269-9544-FA55E943A320}.Release|Mixed Platforms.ActiveCfg = Release|Any CPU
		{05867092-B3E6-4269-9544-FA55E943A320}.Release|Mixed Platforms.Build.0 = Release|Any CPU
		{05867092-B3E6-4269-9544-FA55E943A320}.Release|x86.ActiveCfg = Release|Any CPU
		{02128241-EC44-429C-9C9C-C3A470F110D0}.Debug|Any CPU.ActiveCfg = Debug|Any CPU
		{02128241-EC44-429C-9C9C-C3A470F110D0}.Debug|Any CPU.Build.0 = Debug|Any CPU
		{02128241-EC44-429C-9C9C-C3A470F110D0}.Debug|Mixed Platforms.ActiveCfg = Debug|Any CPU
		{02128241-EC44-429C-9C9C-C3A470F110D0}.Debug|Mixed Platforms.Build.0 = Debug|Any CPU
		{02128241-EC44-429C-9C9C-C3A470F110D0}.Debug|x86.ActiveCfg = Debug|Any CPU
		{02128241-EC44-429C-9C9C-C3A470F110D0}.Release|Any CPU.ActiveCfg = Release|Any CPU
		{02128241-EC44-429C-9C9C-C3A470F110D0}.Release|Any CPU.Build.0 = Release|Any CPU
		{02128241-EC44-429C-9C9C-C3A470F110D0}.Release|Mixed Platforms.ActiveCfg = Release|Any CPU
		{02128241-EC44-429C-9C9C-C3A470F110D0}.Release|Mixed Platforms.Build.0 = Release|Any CPU
		{02128241-EC44-429C-9C9C-C3A470F110D0}.Release|x86.ActiveCfg = Release|Any CPU
		{F9E8BFD4-3233-4926-AAA6-AF07AFCF11CC}.Debug|Any CPU.ActiveCfg = Debug|Any CPU
		{F9E8BFD4-3233-4926-AAA6-AF07AFCF11CC}.Debug|Any CPU.Build.0 = Debug|Any CPU
		{F9E8BFD4-3233-4926-AAA6-AF07AFCF11CC}.Debug|Mixed Platforms.ActiveCfg = Debug|Any CPU
		{F9E8BFD4-3233-4926-AAA6-AF07AFCF11CC}.Debug|Mixed Platforms.Build.0 = Debug|Any CPU
		{F9E8BFD4-3233-4926-AAA6-AF07AFCF11CC}.Debug|x86.ActiveCfg = Debug|Any CPU
		{F9E8BFD4-3233-4926-AAA6-AF07AFCF11CC}.Release|Any CPU.ActiveCfg = Release|Any CPU
		{F9E8BFD4-3233-4926-AAA6-AF07AFCF11CC}.Release|Any CPU.Build.0 = Release|Any CPU
		{F9E8BFD4-3233-4926-AAA6-AF07AFCF11CC}.Release|Mixed Platforms.ActiveCfg = Release|Any CPU
		{F9E8BFD4-3233-4926-AAA6-AF07AFCF11CC}.Release|Mixed Platforms.Build.0 = Release|Any CPU
		{F9E8BFD4-3233-4926-AAA6-AF07AFCF11CC}.Release|x86.ActiveCfg = Release|Any CPU
		{613C28F2-9A6B-475E-B76D-6CAA60622818}.Debug|Any CPU.ActiveCfg = Debug|Any CPU
		{613C28F2-9A6B-475E-B76D-6CAA60622818}.Debug|Any CPU.Build.0 = Debug|Any CPU
		{613C28F2-9A6B-475E-B76D-6CAA60622818}.Debug|Mixed Platforms.ActiveCfg = Debug|Any CPU
		{613C28F2-9A6B-475E-B76D-6CAA60622818}.Debug|Mixed Platforms.Build.0 = Debug|Any CPU
		{613C28F2-9A6B-475E-B76D-6CAA60622818}.Debug|x86.ActiveCfg = Debug|Any CPU
		{613C28F2-9A6B-475E-B76D-6CAA60622818}.Release|Any CPU.ActiveCfg = Release|Any CPU
		{613C28F2-9A6B-475E-B76D-6CAA60622818}.Release|Any CPU.Build.0 = Release|Any CPU
		{613C28F2-9A6B-475E-B76D-6CAA60622818}.Release|Mixed Platforms.ActiveCfg = Release|Any CPU
		{613C28F2-9A6B-475E-B76D-6CAA60622818}.Release|Mixed Platforms.Build.0 = Release|Any CPU
		{613C28F2-9A6B-475E-B76D-6CAA60622818}.Release|x86.ActiveCfg = Release|Any CPU
		{C486CFE9-14AE-4888-A736-88F5AEC57F98}.Debug|Any CPU.ActiveCfg = Debug|Any CPU
		{C486CFE9-14AE-4888-A736-88F5AEC57F98}.Debug|Any CPU.Build.0 = Debug|Any CPU
		{C486CFE9-14AE-4888-A736-88F5AEC57F98}.Debug|Mixed Platforms.ActiveCfg = Debug|Any CPU
		{C486CFE9-14AE-4888-A736-88F5AEC57F98}.Debug|Mixed Platforms.Build.0 = Debug|Any CPU
		{C486CFE9-14AE-4888-A736-88F5AEC57F98}.Debug|x86.ActiveCfg = Debug|Any CPU
		{C486CFE9-14AE-4888-A736-88F5AEC57F98}.Release|Any CPU.ActiveCfg = Release|Any CPU
		{C486CFE9-14AE-4888-A736-88F5AEC57F98}.Release|Any CPU.Build.0 = Release|Any CPU
		{C486CFE9-14AE-4888-A736-88F5AEC57F98}.Release|Mixed Platforms.ActiveCfg = Release|Any CPU
		{C486CFE9-14AE-4888-A736-88F5AEC57F98}.Release|Mixed Platforms.Build.0 = Release|Any CPU
		{C486CFE9-14AE-4888-A736-88F5AEC57F98}.Release|x86.ActiveCfg = Release|Any CPU
		{C041C8C6-AC4E-4F74-A827-7F3D790E1ACE}.Debug|Any CPU.ActiveCfg = Debug|Any CPU
		{C041C8C6-AC4E-4F74-A827-7F3D790E1ACE}.Debug|Any CPU.Build.0 = Debug|Any CPU
		{C041C8C6-AC4E-4F74-A827-7F3D790E1ACE}.Debug|Mixed Platforms.ActiveCfg = Debug|Any CPU
		{C041C8C6-AC4E-4F74-A827-7F3D790E1ACE}.Debug|Mixed Platforms.Build.0 = Debug|Any CPU
		{C041C8C6-AC4E-4F74-A827-7F3D790E1ACE}.Debug|x86.ActiveCfg = Debug|Any CPU
		{C041C8C6-AC4E-4F74-A827-7F3D790E1ACE}.Release|Any CPU.ActiveCfg = Release|Any CPU
		{C041C8C6-AC4E-4F74-A827-7F3D790E1ACE}.Release|Any CPU.Build.0 = Release|Any CPU
		{C041C8C6-AC4E-4F74-A827-7F3D790E1ACE}.Release|Mixed Platforms.ActiveCfg = Release|Any CPU
		{C041C8C6-AC4E-4F74-A827-7F3D790E1ACE}.Release|Mixed Platforms.Build.0 = Release|Any CPU
		{C041C8C6-AC4E-4F74-A827-7F3D790E1ACE}.Release|x86.ActiveCfg = Release|Any CPU
		{195E7CE4-4DB5-483A-80D6-8A5070A21F37}.Debug|Any CPU.ActiveCfg = Debug|x86
		{195E7CE4-4DB5-483A-80D6-8A5070A21F37}.Debug|Mixed Platforms.ActiveCfg = Debug|x86
		{195E7CE4-4DB5-483A-80D6-8A5070A21F37}.Debug|Mixed Platforms.Build.0 = Debug|x86
		{195E7CE4-4DB5-483A-80D6-8A5070A21F37}.Debug|x86.ActiveCfg = Debug|x86
		{195E7CE4-4DB5-483A-80D6-8A5070A21F37}.Debug|x86.Build.0 = Debug|x86
		{195E7CE4-4DB5-483A-80D6-8A5070A21F37}.Release|Any CPU.ActiveCfg = Release|x86
		{195E7CE4-4DB5-483A-80D6-8A5070A21F37}.Release|Mixed Platforms.ActiveCfg = Release|x86
		{195E7CE4-4DB5-483A-80D6-8A5070A21F37}.Release|Mixed Platforms.Build.0 = Release|x86
		{195E7CE4-4DB5-483A-80D6-8A5070A21F37}.Release|x86.ActiveCfg = Release|x86
		{195E7CE4-4DB5-483A-80D6-8A5070A21F37}.Release|x86.Build.0 = Release|x86
		{75B31396-371F-4241-B236-7ECFDB065AC0}.Debug|Any CPU.ActiveCfg = Debug|Any CPU
		{75B31396-371F-4241-B236-7ECFDB065AC0}.Debug|Any CPU.Build.0 = Debug|Any CPU
		{75B31396-371F-4241-B236-7ECFDB065AC0}.Debug|Mixed Platforms.ActiveCfg = Debug|Any CPU
		{75B31396-371F-4241-B236-7ECFDB065AC0}.Debug|Mixed Platforms.Build.0 = Debug|Any CPU
		{75B31396-371F-4241-B236-7ECFDB065AC0}.Debug|x86.ActiveCfg = Debug|Any CPU
		{75B31396-371F-4241-B236-7ECFDB065AC0}.Release|Any CPU.ActiveCfg = Release|Any CPU
		{75B31396-371F-4241-B236-7ECFDB065AC0}.Release|Mixed Platforms.ActiveCfg = Release|Any CPU
		{75B31396-371F-4241-B236-7ECFDB065AC0}.Release|Mixed Platforms.Build.0 = Release|Any CPU
		{75B31396-371F-4241-B236-7ECFDB065AC0}.Release|x86.ActiveCfg = Release|Any CPU
		{675B0F31-ECBF-45AE-81E1-EBE6CA3BCB14}.Debug|Any CPU.ActiveCfg = Debug|Any CPU
		{675B0F31-ECBF-45AE-81E1-EBE6CA3BCB14}.Debug|Any CPU.Build.0 = Debug|Any CPU
		{675B0F31-ECBF-45AE-81E1-EBE6CA3BCB14}.Debug|Mixed Platforms.ActiveCfg = Debug|Any CPU
		{675B0F31-ECBF-45AE-81E1-EBE6CA3BCB14}.Debug|Mixed Platforms.Build.0 = Debug|Any CPU
		{675B0F31-ECBF-45AE-81E1-EBE6CA3BCB14}.Debug|x86.ActiveCfg = Debug|Any CPU
		{675B0F31-ECBF-45AE-81E1-EBE6CA3BCB14}.Release|Any CPU.ActiveCfg = Release|Any CPU
		{675B0F31-ECBF-45AE-81E1-EBE6CA3BCB14}.Release|Mixed Platforms.ActiveCfg = Release|Any CPU
		{675B0F31-ECBF-45AE-81E1-EBE6CA3BCB14}.Release|Mixed Platforms.Build.0 = Release|Any CPU
		{675B0F31-ECBF-45AE-81E1-EBE6CA3BCB14}.Release|x86.ActiveCfg = Release|Any CPU
		{BD36072A-E83C-436D-BFB1-1DDBA33F63BB}.Debug|Any CPU.ActiveCfg = Debug|Any CPU
		{BD36072A-E83C-436D-BFB1-1DDBA33F63BB}.Debug|Mixed Platforms.ActiveCfg = Debug|Any CPU
		{BD36072A-E83C-436D-BFB1-1DDBA33F63BB}.Debug|x86.ActiveCfg = Debug|Any CPU
		{BD36072A-E83C-436D-BFB1-1DDBA33F63BB}.Release|Any CPU.ActiveCfg = Release|Any CPU
		{BD36072A-E83C-436D-BFB1-1DDBA33F63BB}.Release|Any CPU.Build.0 = Release|Any CPU
		{BD36072A-E83C-436D-BFB1-1DDBA33F63BB}.Release|Mixed Platforms.ActiveCfg = Release|Any CPU
		{BD36072A-E83C-436D-BFB1-1DDBA33F63BB}.Release|Mixed Platforms.Build.0 = Release|Any CPU
		{BD36072A-E83C-436D-BFB1-1DDBA33F63BB}.Release|Mixed Platforms.Deploy.0 = Release|Any CPU
		{BD36072A-E83C-436D-BFB1-1DDBA33F63BB}.Release|x86.ActiveCfg = Release|Any CPU
		{2196AC76-B704-4036-A186-ADB546756CE8}.Debug|Any CPU.ActiveCfg = Debug|Any CPU
		{2196AC76-B704-4036-A186-ADB546756CE8}.Debug|Any CPU.Build.0 = Debug|Any CPU
		{2196AC76-B704-4036-A186-ADB546756CE8}.Debug|Mixed Platforms.ActiveCfg = Debug|Any CPU
		{2196AC76-B704-4036-A186-ADB546756CE8}.Debug|Mixed Platforms.Build.0 = Debug|Any CPU
		{2196AC76-B704-4036-A186-ADB546756CE8}.Debug|x86.ActiveCfg = Debug|Any CPU
		{2196AC76-B704-4036-A186-ADB546756CE8}.Release|Any CPU.ActiveCfg = Release|Any CPU
		{2196AC76-B704-4036-A186-ADB546756CE8}.Release|Any CPU.Build.0 = Release|Any CPU
		{2196AC76-B704-4036-A186-ADB546756CE8}.Release|Mixed Platforms.ActiveCfg = Release|Any CPU
		{2196AC76-B704-4036-A186-ADB546756CE8}.Release|Mixed Platforms.Build.0 = Release|Any CPU
		{2196AC76-B704-4036-A186-ADB546756CE8}.Release|x86.ActiveCfg = Release|Any CPU
		{17B74DDC-0EE5-45B9-9D20-2055587AD759}.Debug|Any CPU.ActiveCfg = Debug|Any CPU
		{17B74DDC-0EE5-45B9-9D20-2055587AD759}.Debug|Any CPU.Build.0 = Debug|Any CPU
		{17B74DDC-0EE5-45B9-9D20-2055587AD759}.Debug|Mixed Platforms.ActiveCfg = Debug|Any CPU
		{17B74DDC-0EE5-45B9-9D20-2055587AD759}.Debug|Mixed Platforms.Build.0 = Debug|Any CPU
		{17B74DDC-0EE5-45B9-9D20-2055587AD759}.Debug|x86.ActiveCfg = Debug|Any CPU
		{17B74DDC-0EE5-45B9-9D20-2055587AD759}.Release|Any CPU.ActiveCfg = Release|Any CPU
		{17B74DDC-0EE5-45B9-9D20-2055587AD759}.Release|Mixed Platforms.ActiveCfg = Release|Any CPU
		{17B74DDC-0EE5-45B9-9D20-2055587AD759}.Release|Mixed Platforms.Build.0 = Release|Any CPU
		{17B74DDC-0EE5-45B9-9D20-2055587AD759}.Release|x86.ActiveCfg = Release|Any CPU
		{C10C30EF-8E8F-4ACB-B220-DE22461FD167}.Debug|Any CPU.ActiveCfg = Debug|Any CPU
		{C10C30EF-8E8F-4ACB-B220-DE22461FD167}.Debug|Any CPU.Build.0 = Debug|Any CPU
		{C10C30EF-8E8F-4ACB-B220-DE22461FD167}.Debug|Mixed Platforms.ActiveCfg = Debug|Any CPU
		{C10C30EF-8E8F-4ACB-B220-DE22461FD167}.Debug|Mixed Platforms.Build.0 = Debug|Any CPU
		{C10C30EF-8E8F-4ACB-B220-DE22461FD167}.Debug|x86.ActiveCfg = Debug|Any CPU
		{C10C30EF-8E8F-4ACB-B220-DE22461FD167}.Release|Any CPU.ActiveCfg = Release|Any CPU
		{C10C30EF-8E8F-4ACB-B220-DE22461FD167}.Release|Mixed Platforms.ActiveCfg = Release|Any CPU
		{C10C30EF-8E8F-4ACB-B220-DE22461FD167}.Release|Mixed Platforms.Build.0 = Release|Any CPU
		{C10C30EF-8E8F-4ACB-B220-DE22461FD167}.Release|x86.ActiveCfg = Release|Any CPU
		{346A0C84-B70D-4EBD-9C26-D3858D3B24E6}.Debug|Any CPU.ActiveCfg = Debug|Any CPU
		{346A0C84-B70D-4EBD-9C26-D3858D3B24E6}.Debug|Any CPU.Build.0 = Debug|Any CPU
		{346A0C84-B70D-4EBD-9C26-D3858D3B24E6}.Debug|Mixed Platforms.ActiveCfg = Debug|Any CPU
		{346A0C84-B70D-4EBD-9C26-D3858D3B24E6}.Debug|Mixed Platforms.Build.0 = Debug|Any CPU
		{346A0C84-B70D-4EBD-9C26-D3858D3B24E6}.Debug|x86.ActiveCfg = Debug|Any CPU
		{346A0C84-B70D-4EBD-9C26-D3858D3B24E6}.Release|Any CPU.ActiveCfg = Release|Any CPU
		{346A0C84-B70D-4EBD-9C26-D3858D3B24E6}.Release|Mixed Platforms.ActiveCfg = Release|Any CPU
		{346A0C84-B70D-4EBD-9C26-D3858D3B24E6}.Release|Mixed Platforms.Build.0 = Release|Any CPU
		{346A0C84-B70D-4EBD-9C26-D3858D3B24E6}.Release|x86.ActiveCfg = Release|Any CPU
		{05A56D09-1773-403F-BDC4-36C595A157A7}.Debug|Any CPU.ActiveCfg = Debug|Any CPU
		{05A56D09-1773-403F-BDC4-36C595A157A7}.Debug|Any CPU.Build.0 = Debug|Any CPU
		{05A56D09-1773-403F-BDC4-36C595A157A7}.Debug|Mixed Platforms.ActiveCfg = Debug|Any CPU
		{05A56D09-1773-403F-BDC4-36C595A157A7}.Debug|Mixed Platforms.Build.0 = Debug|Any CPU
		{05A56D09-1773-403F-BDC4-36C595A157A7}.Debug|x86.ActiveCfg = Debug|Any CPU
		{05A56D09-1773-403F-BDC4-36C595A157A7}.Release|Any CPU.ActiveCfg = Release|Any CPU
		{05A56D09-1773-403F-BDC4-36C595A157A7}.Release|Mixed Platforms.ActiveCfg = Release|Any CPU
		{05A56D09-1773-403F-BDC4-36C595A157A7}.Release|Mixed Platforms.Build.0 = Release|Any CPU
		{05A56D09-1773-403F-BDC4-36C595A157A7}.Release|x86.ActiveCfg = Release|Any CPU
	EndGlobalSection
	GlobalSection(SolutionProperties) = preSolution
		HideSolutionNode = FALSE
	EndGlobalSection
	GlobalSection(NestedProjects) = preSolution
		{C041C8C6-AC4E-4F74-A827-7F3D790E1ACE} = {F1666F43-97C7-42CD-8395-9F1B1C5794C2}
		{195E7CE4-4DB5-483A-80D6-8A5070A21F37} = {F1666F43-97C7-42CD-8395-9F1B1C5794C2}
		{17B74DDC-0EE5-45B9-9D20-2055587AD759} = {5AFD0F2D-C87E-443C-A495-95459B13B0F6}
		{C061DD2E-A5E9-40D3-A8C4-F8DCA74E5F64} = {5AFD0F2D-C87E-443C-A495-95459B13B0F6}
		{C10C30EF-8E8F-4ACB-B220-DE22461FD167} = {C061DD2E-A5E9-40D3-A8C4-F8DCA74E5F64}
		{346A0C84-B70D-4EBD-9C26-D3858D3B24E6} = {C061DD2E-A5E9-40D3-A8C4-F8DCA74E5F64}
		{05A56D09-1773-403F-BDC4-36C595A157A7} = {C061DD2E-A5E9-40D3-A8C4-F8DCA74E5F64}
	EndGlobalSection
	GlobalSection(TestCaseManagementSettings) = postSolution
		CategoryFile = Asam.Ppc.vsmdi
	EndGlobalSection
EndGlobal
