
Microsoft Visual Studio Solution File, Format Version 12.00
# Visual Studio 2013
VisualStudioVersion = 12.0.30501.0
MinimumVisualStudioVersion = 10.0.40219.1
Project("{FAE04EC0-301F-11D3-BF4B-00C04F79EFBC}") = "TestEHR", "TestEHR\TestEHR.csproj", "{75B31396-371F-4241-B236-7ECFDB065AC0}"
EndProject
Global
	GlobalSection(TeamFoundationVersionControl) = preSolution
		SccNumberOfProjects = 2
		SccEnterpriseProvider = {4CA58AB2-18FA-4F8D-95D4-32DDF27D184C}
		SccTeamFoundationServer = https://tfs.feisystems.com/tfs/feicollection10
		SccLocalPath0 = .
		SccProjectUniqueName1 = TestEHR\\TestEHR.csproj
		SccProjectName1 = TestEHR
		SccLocalPath1 = TestEHR
	EndGlobalSection
	GlobalSection(SolutionConfigurationPlatforms) = preSolution
		Debug|Any CPU = Debug|Any CPU
		Debug|Mixed Platforms = Debug|Mixed Platforms
		Debug|x86 = Debug|x86
		Demo|Any CPU = Demo|Any CPU
		Demo|Mixed Platforms = Demo|Mixed Platforms
		Demo|x86 = Demo|x86
		Release|Any CPU = Release|Any CPU
		Release|Mixed Platforms = Release|Mixed Platforms
		Release|x86 = Release|x86
		Test|Any CPU = Test|Any CPU
		Test|Mixed Platforms = Test|Mixed Platforms
		Test|x86 = Test|x86
	EndGlobalSection
	GlobalSection(ProjectConfigurationPlatforms) = postSolution
		{75B31396-371F-4241-B236-7ECFDB065AC0}.Debug|Any CPU.ActiveCfg = Debug|Any CPU
		{75B31396-371F-4241-B236-7ECFDB065AC0}.Debug|Any CPU.Build.0 = Debug|Any CPU
		{75B31396-371F-4241-B236-7ECFDB065AC0}.Debug|Mixed Platforms.ActiveCfg = Debug|Any CPU
		{75B31396-371F-4241-B236-7ECFDB065AC0}.Debug|Mixed Platforms.Build.0 = Debug|Any CPU
		{75B31396-371F-4241-B236-7ECFDB065AC0}.Debug|x86.ActiveCfg = Debug|Any CPU
		{75B31396-371F-4241-B236-7ECFDB065AC0}.Demo|Any CPU.ActiveCfg = Debug|Any CPU
		{75B31396-371F-4241-B236-7ECFDB065AC0}.Demo|Any CPU.Build.0 = Debug|Any CPU
		{75B31396-371F-4241-B236-7ECFDB065AC0}.Demo|Mixed Platforms.ActiveCfg = Debug|Any CPU
		{75B31396-371F-4241-B236-7ECFDB065AC0}.Demo|x86.ActiveCfg = Debug|Any CPU
		{75B31396-371F-4241-B236-7ECFDB065AC0}.Release|Any CPU.ActiveCfg = Release|Any CPU
		{75B31396-371F-4241-B236-7ECFDB065AC0}.Release|Mixed Platforms.ActiveCfg = Release|Any CPU
		{75B31396-371F-4241-B236-7ECFDB065AC0}.Release|Mixed Platforms.Build.0 = Release|Any CPU
		{75B31396-371F-4241-B236-7ECFDB065AC0}.Release|x86.ActiveCfg = Release|Any CPU
		{75B31396-371F-4241-B236-7ECFDB065AC0}.Test|Any CPU.ActiveCfg = Release|Any CPU
		{75B31396-371F-4241-B236-7ECFDB065AC0}.Test|Any CPU.Build.0 = Release|Any CPU
		{75B31396-371F-4241-B236-7ECFDB065AC0}.Test|Mixed Platforms.ActiveCfg = Release|Any CPU
		{75B31396-371F-4241-B236-7ECFDB065AC0}.Test|x86.ActiveCfg = Release|Any CPU
	EndGlobalSection
	GlobalSection(SolutionProperties) = preSolution
		HideSolutionNode = FALSE
	EndGlobalSection
	GlobalSection(TestCaseManagementSettings) = postSolution
		CategoryFile = Asam.Ppc.vsmdi
	EndGlobalSection
EndGlobal
